PODS:
  - Fakery (5.1.0)
  - FlexLayout (1.3.33)
  - PinLayout (1.10.4)
  - SwiftyBeaver (2.0.0)

DEPENDENCIES:
  - Fakery
  - FlexLayout
  - PinLayout
  - SwiftyBeaver

SPEC REPOS:
  trunk:
    - Fakery
    - FlexLayout
    - PinLayout
    - SwiftyBeaver

SPEC CHECKSUMS:
  Fakery: a90caff00ca5cacde6c161c3eafc72314a03d34d
  FlexLayout: d515437814cc7a6b50d6d2d14da7cd8059f8d6f6
  PinLayout: f8a677ce0cd1cfe96b58435d029b4ceb4ce9c04c
  SwiftyBeaver: 014b0c12065026b731bac80305294f27d63e27f6

PODFILE CHECKSUM: d50745fa7baea1d8b4a313e61e2d8a7922cf5902

COCOAPODS: 1.12.1
