PODS:
  - Capacitor (5.0.1):
    - CapacitorCordova
  - CapacitorCamera (5.0.1):
    - Capacitor
  - CapacitorCordova (5.0.1)
  - CapacitorSplashScreen (5.0.1):
    - Capacitor

DEPENDENCIES:
  - "Capacitor (from `../../node_modules/.pnpm/@capacitor+ios@5.0.1_@capacitor+core@5.0.1/node_modules/@capacitor/ios`)"
  - "CapacitorCamera (from `../../node_modules/.pnpm/@capacitor+camera@5.0.1_@capacitor+core@5.0.1/node_modules/@capacitor/camera`)"
  - "CapacitorCordova (from `../../node_modules/.pnpm/@capacitor+ios@5.0.1_@capacitor+core@5.0.1/node_modules/@capacitor/ios`)"
  - "CapacitorSplashScreen (from `../../node_modules/.pnpm/@capacitor+splash-screen@5.0.1_@capacitor+core@5.0.1/node_modules/@capacitor/splash-screen`)"

EXTERNAL SOURCES:
  Capacitor:
    :path: "../../node_modules/.pnpm/@capacitor+ios@5.0.1_@capacitor+core@5.0.1/node_modules/@capacitor/ios"
  CapacitorCamera:
    :path: "../../node_modules/.pnpm/@capacitor+camera@5.0.1_@capacitor+core@5.0.1/node_modules/@capacitor/camera"
  CapacitorCordova:
    :path: "../../node_modules/.pnpm/@capacitor+ios@5.0.1_@capacitor+core@5.0.1/node_modules/@capacitor/ios"
  CapacitorSplashScreen:
    :path: "../../node_modules/.pnpm/@capacitor+splash-screen@5.0.1_@capacitor+core@5.0.1/node_modules/@capacitor/splash-screen"

SPEC CHECKSUMS:
  Capacitor: c550a8485d00d5d92b4f91a245f43555a2230eb6
  CapacitorCamera: 51f3e7ec924711a41574ae91406faebce1ec439d
  CapacitorCordova: 4f8cf089c691f0e21032d22b1014808308cbc467
  CapacitorSplashScreen: b3aa7304627a561e98d894d6fb301eced671e599

PODFILE CHECKSUM: 097bfcbadb59859ee45451811d1e48cbd6d7e451

COCOAPODS: 1.12.1
