{
  "name": "miniprogram-ts-quickstart",
  "version": "1.0.0",
  "lockfileVersion": 1,
  "requires": true,
  "dependencies": {
    "miniprogram-api-typings": {
      "version": "3.4.4",
      "resolved": "https://registry.npmmirror.com/miniprogram-api-typings/download/miniprogram-api-typings-3.4.4.tgz?cache=0&sync_timestamp=1635559997264&other_urls=https%3A%2F%2Fregistry.npmmirror.com%2Fminiprogram-api-typings%2Fdownload%2Fminiprogram-api-typings-3.4.4.tgz",
      "integrity": "sha1-pozh8Q/yR5tSHNSvJ2ojBBuQ8vY=",
      "dev": true
    },
    "typescript": {
      "version": "4.2.3",
      "resolved": "http://mirrors.tencent.com/npm/typescript/-/typescript-4.2.3.tgz",
      "integrity": "sha512-qOcYwxaByStAWrBf4x0fibwZvMRG+r4cQoTjbPtUlrWjBHbmCAww1i448U0GJ+3cNNEtebDteo/cHOR3xJ4wEw==",
      "dev": true
    }
  }
}
