// !$*UTF8*$!
{
	archiveVersion = 1;
	classes = {
	};
	objectVersion = 56;
	objects = {

/* Begin PBXBuildFile section */
		204EABD82A4C6C46003EBA36 /* AppDelegate.swift in Sources */ = {isa = PBXBuildFile; fileRef = 204EABD72A4C6C46003EBA36 /* AppDelegate.swift */; };
		204EABDA2A4C6C46003EBA36 /* SceneDelegate.swift in Sources */ = {isa = PBXBuildFile; fileRef = 204EABD92A4C6C46003EBA36 /* SceneDelegate.swift */; };
		204EABDC2A4C6C46003EBA36 /* ViewController.swift in Sources */ = {isa = PBXBuildFile; fileRef = 204EABDB2A4C6C46003EBA36 /* ViewController.swift */; };
		204EABE12A4C6C47003EBA36 /* Assets.xcassets in Resources */ = {isa = PBXBuildFile; fileRef = 204EABE02A4C6C47003EBA36 /* Assets.xcassets */; };
		204EABE42A4C6C47003EBA36 /* LaunchScreen.storyboard in Resources */ = {isa = PBXBuildFile; fileRef = 204EABE22A4C6C47003EBA36 /* LaunchScreen.storyboard */; };
		204EABEF2A4C6C47003EBA36 /* IOSPlaygroundTests.swift in Sources */ = {isa = PBXBuildFile; fileRef = 204EABEE2A4C6C47003EBA36 /* IOSPlaygroundTests.swift */; };
		204EABF92A4C6C47003EBA36 /* IOSPlaygroundUITests.swift in Sources */ = {isa = PBXBuildFile; fileRef = 204EABF82A4C6C47003EBA36 /* IOSPlaygroundUITests.swift */; };
		204EABFB2A4C6C47003EBA36 /* IOSPlaygroundUITestsLaunchTests.swift in Sources */ = {isa = PBXBuildFile; fileRef = 204EABFA2A4C6C47003EBA36 /* IOSPlaygroundUITestsLaunchTests.swift */; };
		204EAC0B2A4CF8BE003EBA36 /* NotificationCenterTester.swift in Sources */ = {isa = PBXBuildFile; fileRef = 204EAC0A2A4CF8BE003EBA36 /* NotificationCenterTester.swift */; };
		204EAC0E2A4CFDAC003EBA36 /* UILabelPlayground.swift in Sources */ = {isa = PBXBuildFile; fileRef = 204EAC0D2A4CFDAC003EBA36 /* UILabelPlayground.swift */; };
		204EAC122A4D1616003EBA36 /* Demo1ViewController.swift in Sources */ = {isa = PBXBuildFile; fileRef = 204EAC112A4D1616003EBA36 /* Demo1ViewController.swift */; };
		204EAC142A4D1630003EBA36 /* Demo2ViewController.swift in Sources */ = {isa = PBXBuildFile; fileRef = 204EAC132A4D1630003EBA36 /* Demo2ViewController.swift */; };
		2FE0FBE9546E0D3DBACFB0CE /* Pods_IOSPlaygroundTests.framework in Frameworks */ = {isa = PBXBuildFile; fileRef = F9816594EFD26BFC93B76F0E /* Pods_IOSPlaygroundTests.framework */; };
		55FFCC949981EBD22BB148CE /* Pods_IOSPlayground_IOSPlaygroundUITests.framework in Frameworks */ = {isa = PBXBuildFile; fileRef = DC4B618C3B3C327F31C6CE85 /* Pods_IOSPlayground_IOSPlaygroundUITests.framework */; };
		5AA2C8E89A029B26F0A3B651 /* Pods_IOSPlayground.framework in Frameworks */ = {isa = PBXBuildFile; fileRef = 5F6F25EFD902F47F430D8C1C /* Pods_IOSPlayground.framework */; };
/* End PBXBuildFile section */

/* Begin PBXContainerItemProxy section */
		204EABEB2A4C6C47003EBA36 /* PBXContainerItemProxy */ = {
			isa = PBXContainerItemProxy;
			containerPortal = 204EABCC2A4C6C46003EBA36 /* Project object */;
			proxyType = 1;
			remoteGlobalIDString = 204EABD32A4C6C46003EBA36;
			remoteInfo = IOSPlayground;
		};
		204EABF52A4C6C47003EBA36 /* PBXContainerItemProxy */ = {
			isa = PBXContainerItemProxy;
			containerPortal = 204EABCC2A4C6C46003EBA36 /* Project object */;
			proxyType = 1;
			remoteGlobalIDString = 204EABD32A4C6C46003EBA36;
			remoteInfo = IOSPlayground;
		};
/* End PBXContainerItemProxy section */

/* Begin PBXFileReference section */
		153B522A3B49AC0019A554EE /* Pods-IOSPlayground-IOSPlaygroundUITests.release.xcconfig */ = {isa = PBXFileReference; includeInIndex = 1; lastKnownFileType = text.xcconfig; name = "Pods-IOSPlayground-IOSPlaygroundUITests.release.xcconfig"; path = "Target Support Files/Pods-IOSPlayground-IOSPlaygroundUITests/Pods-IOSPlayground-IOSPlaygroundUITests.release.xcconfig"; sourceTree = "<group>"; };
		204EABD42A4C6C46003EBA36 /* IOSPlayground.app */ = {isa = PBXFileReference; explicitFileType = wrapper.application; includeInIndex = 0; path = IOSPlayground.app; sourceTree = BUILT_PRODUCTS_DIR; };
		204EABD72A4C6C46003EBA36 /* AppDelegate.swift */ = {isa = PBXFileReference; lastKnownFileType = sourcecode.swift; path = AppDelegate.swift; sourceTree = "<group>"; };
		204EABD92A4C6C46003EBA36 /* SceneDelegate.swift */ = {isa = PBXFileReference; lastKnownFileType = sourcecode.swift; path = SceneDelegate.swift; sourceTree = "<group>"; };
		204EABDB2A4C6C46003EBA36 /* ViewController.swift */ = {isa = PBXFileReference; lastKnownFileType = sourcecode.swift; path = ViewController.swift; sourceTree = "<group>"; };
		204EABE02A4C6C47003EBA36 /* Assets.xcassets */ = {isa = PBXFileReference; lastKnownFileType = folder.assetcatalog; path = Assets.xcassets; sourceTree = "<group>"; };
		204EABE32A4C6C47003EBA36 /* Base */ = {isa = PBXFileReference; lastKnownFileType = file.storyboard; name = Base; path = Base.lproj/LaunchScreen.storyboard; sourceTree = "<group>"; };
		204EABE52A4C6C47003EBA36 /* Info.plist */ = {isa = PBXFileReference; lastKnownFileType = text.plist.xml; path = Info.plist; sourceTree = "<group>"; };
		204EABEA2A4C6C47003EBA36 /* IOSPlaygroundTests.xctest */ = {isa = PBXFileReference; explicitFileType = wrapper.cfbundle; includeInIndex = 0; path = IOSPlaygroundTests.xctest; sourceTree = BUILT_PRODUCTS_DIR; };
		204EABEE2A4C6C47003EBA36 /* IOSPlaygroundTests.swift */ = {isa = PBXFileReference; lastKnownFileType = sourcecode.swift; path = IOSPlaygroundTests.swift; sourceTree = "<group>"; };
		204EABF42A4C6C47003EBA36 /* IOSPlaygroundUITests.xctest */ = {isa = PBXFileReference; explicitFileType = wrapper.cfbundle; includeInIndex = 0; path = IOSPlaygroundUITests.xctest; sourceTree = BUILT_PRODUCTS_DIR; };
		204EABF82A4C6C47003EBA36 /* IOSPlaygroundUITests.swift */ = {isa = PBXFileReference; lastKnownFileType = sourcecode.swift; path = IOSPlaygroundUITests.swift; sourceTree = "<group>"; };
		204EABFA2A4C6C47003EBA36 /* IOSPlaygroundUITestsLaunchTests.swift */ = {isa = PBXFileReference; lastKnownFileType = sourcecode.swift; path = IOSPlaygroundUITestsLaunchTests.swift; sourceTree = "<group>"; };
		204EAC0A2A4CF8BE003EBA36 /* NotificationCenterTester.swift */ = {isa = PBXFileReference; lastKnownFileType = sourcecode.swift; path = NotificationCenterTester.swift; sourceTree = "<group>"; };
		204EAC0D2A4CFDAC003EBA36 /* UILabelPlayground.swift */ = {isa = PBXFileReference; lastKnownFileType = sourcecode.swift; path = UILabelPlayground.swift; sourceTree = "<group>"; };
		204EAC112A4D1616003EBA36 /* Demo1ViewController.swift */ = {isa = PBXFileReference; lastKnownFileType = sourcecode.swift; path = Demo1ViewController.swift; sourceTree = "<group>"; };
		204EAC132A4D1630003EBA36 /* Demo2ViewController.swift */ = {isa = PBXFileReference; lastKnownFileType = sourcecode.swift; path = Demo2ViewController.swift; sourceTree = "<group>"; };
		3BB732AC7FF11F5EA96F1861 /* Pods-IOSPlaygroundTests.debug.xcconfig */ = {isa = PBXFileReference; includeInIndex = 1; lastKnownFileType = text.xcconfig; name = "Pods-IOSPlaygroundTests.debug.xcconfig"; path = "Target Support Files/Pods-IOSPlaygroundTests/Pods-IOSPlaygroundTests.debug.xcconfig"; sourceTree = "<group>"; };
		5BFF1D2F1FD52BCC97F9CEA2 /* Pods-IOSPlayground.debug.xcconfig */ = {isa = PBXFileReference; includeInIndex = 1; lastKnownFileType = text.xcconfig; name = "Pods-IOSPlayground.debug.xcconfig"; path = "Target Support Files/Pods-IOSPlayground/Pods-IOSPlayground.debug.xcconfig"; sourceTree = "<group>"; };
		5F6F25EFD902F47F430D8C1C /* Pods_IOSPlayground.framework */ = {isa = PBXFileReference; explicitFileType = wrapper.framework; includeInIndex = 0; path = Pods_IOSPlayground.framework; sourceTree = BUILT_PRODUCTS_DIR; };
		78F512D17AF5AAE8E62109F1 /* Pods-IOSPlayground-IOSPlaygroundUITests.debug.xcconfig */ = {isa = PBXFileReference; includeInIndex = 1; lastKnownFileType = text.xcconfig; name = "Pods-IOSPlayground-IOSPlaygroundUITests.debug.xcconfig"; path = "Target Support Files/Pods-IOSPlayground-IOSPlaygroundUITests/Pods-IOSPlayground-IOSPlaygroundUITests.debug.xcconfig"; sourceTree = "<group>"; };
		BC4CAE2EDC3204531C74AD2E /* Pods-IOSPlayground.release.xcconfig */ = {isa = PBXFileReference; includeInIndex = 1; lastKnownFileType = text.xcconfig; name = "Pods-IOSPlayground.release.xcconfig"; path = "Target Support Files/Pods-IOSPlayground/Pods-IOSPlayground.release.xcconfig"; sourceTree = "<group>"; };
		DC4B618C3B3C327F31C6CE85 /* Pods_IOSPlayground_IOSPlaygroundUITests.framework */ = {isa = PBXFileReference; explicitFileType = wrapper.framework; includeInIndex = 0; path = Pods_IOSPlayground_IOSPlaygroundUITests.framework; sourceTree = BUILT_PRODUCTS_DIR; };
		F06952E58DDE7049915C41B2 /* Pods-IOSPlaygroundTests.release.xcconfig */ = {isa = PBXFileReference; includeInIndex = 1; lastKnownFileType = text.xcconfig; name = "Pods-IOSPlaygroundTests.release.xcconfig"; path = "Target Support Files/Pods-IOSPlaygroundTests/Pods-IOSPlaygroundTests.release.xcconfig"; sourceTree = "<group>"; };
		F9816594EFD26BFC93B76F0E /* Pods_IOSPlaygroundTests.framework */ = {isa = PBXFileReference; explicitFileType = wrapper.framework; includeInIndex = 0; path = Pods_IOSPlaygroundTests.framework; sourceTree = BUILT_PRODUCTS_DIR; };
/* End PBXFileReference section */

/* Begin PBXFrameworksBuildPhase section */
		204EABD12A4C6C46003EBA36 /* Frameworks */ = {
			isa = PBXFrameworksBuildPhase;
			buildActionMask = 2147483647;
			files = (
				5AA2C8E89A029B26F0A3B651 /* Pods_IOSPlayground.framework in Frameworks */,
			);
			runOnlyForDeploymentPostprocessing = 0;
		};
		204EABE72A4C6C47003EBA36 /* Frameworks */ = {
			isa = PBXFrameworksBuildPhase;
			buildActionMask = 2147483647;
			files = (
				2FE0FBE9546E0D3DBACFB0CE /* Pods_IOSPlaygroundTests.framework in Frameworks */,
			);
			runOnlyForDeploymentPostprocessing = 0;
		};
		204EABF12A4C6C47003EBA36 /* Frameworks */ = {
			isa = PBXFrameworksBuildPhase;
			buildActionMask = 2147483647;
			files = (
				55FFCC949981EBD22BB148CE /* Pods_IOSPlayground_IOSPlaygroundUITests.framework in Frameworks */,
			);
			runOnlyForDeploymentPostprocessing = 0;
		};
/* End PBXFrameworksBuildPhase section */

/* Begin PBXGroup section */
		204EABCB2A4C6C46003EBA36 = {
			isa = PBXGroup;
			children = (
				204EABD62A4C6C46003EBA36 /* IOSPlayground */,
				204EABED2A4C6C47003EBA36 /* IOSPlaygroundTests */,
				204EABF72A4C6C47003EBA36 /* IOSPlaygroundUITests */,
				204EABD52A4C6C46003EBA36 /* Products */,
				DC924669A57DD03AAB353041 /* Pods */,
				95FAB6342A7A8D4F1324B44F /* Frameworks */,
			);
			sourceTree = "<group>";
		};
		204EABD52A4C6C46003EBA36 /* Products */ = {
			isa = PBXGroup;
			children = (
				204EABD42A4C6C46003EBA36 /* IOSPlayground.app */,
				204EABEA2A4C6C47003EBA36 /* IOSPlaygroundTests.xctest */,
				204EABF42A4C6C47003EBA36 /* IOSPlaygroundUITests.xctest */,
			);
			name = Products;
			sourceTree = "<group>";
		};
		204EABD62A4C6C46003EBA36 /* IOSPlayground */ = {
			isa = PBXGroup;
			children = (
				204EAC0C2A4CFD81003EBA36 /* UIKit */,
				204EAC072A4C6DDF003EBA36 /* Foundation */,
				204EABD72A4C6C46003EBA36 /* AppDelegate.swift */,
				204EABD92A4C6C46003EBA36 /* SceneDelegate.swift */,
				204EABDB2A4C6C46003EBA36 /* ViewController.swift */,
				204EABE02A4C6C47003EBA36 /* Assets.xcassets */,
				204EABE22A4C6C47003EBA36 /* LaunchScreen.storyboard */,
				204EABE52A4C6C47003EBA36 /* Info.plist */,
				204EAC112A4D1616003EBA36 /* Demo1ViewController.swift */,
				204EAC132A4D1630003EBA36 /* Demo2ViewController.swift */,
			);
			path = IOSPlayground;
			sourceTree = "<group>";
		};
		204EABED2A4C6C47003EBA36 /* IOSPlaygroundTests */ = {
			isa = PBXGroup;
			children = (
				204EABEE2A4C6C47003EBA36 /* IOSPlaygroundTests.swift */,
			);
			path = IOSPlaygroundTests;
			sourceTree = "<group>";
		};
		204EABF72A4C6C47003EBA36 /* IOSPlaygroundUITests */ = {
			isa = PBXGroup;
			children = (
				204EABF82A4C6C47003EBA36 /* IOSPlaygroundUITests.swift */,
				204EABFA2A4C6C47003EBA36 /* IOSPlaygroundUITestsLaunchTests.swift */,
			);
			path = IOSPlaygroundUITests;
			sourceTree = "<group>";
		};
		204EAC072A4C6DDF003EBA36 /* Foundation */ = {
			isa = PBXGroup;
			children = (
				204EAC0A2A4CF8BE003EBA36 /* NotificationCenterTester.swift */,
			);
			path = Foundation;
			sourceTree = "<group>";
		};
		204EAC0C2A4CFD81003EBA36 /* UIKit */ = {
			isa = PBXGroup;
			children = (
				204EAC0D2A4CFDAC003EBA36 /* UILabelPlayground.swift */,
			);
			path = UIKit;
			sourceTree = "<group>";
		};
		95FAB6342A7A8D4F1324B44F /* Frameworks */ = {
			isa = PBXGroup;
			children = (
				5F6F25EFD902F47F430D8C1C /* Pods_IOSPlayground.framework */,
				DC4B618C3B3C327F31C6CE85 /* Pods_IOSPlayground_IOSPlaygroundUITests.framework */,
				F9816594EFD26BFC93B76F0E /* Pods_IOSPlaygroundTests.framework */,
			);
			name = Frameworks;
			sourceTree = "<group>";
		};
		DC924669A57DD03AAB353041 /* Pods */ = {
			isa = PBXGroup;
			children = (
				5BFF1D2F1FD52BCC97F9CEA2 /* Pods-IOSPlayground.debug.xcconfig */,
				BC4CAE2EDC3204531C74AD2E /* Pods-IOSPlayground.release.xcconfig */,
				78F512D17AF5AAE8E62109F1 /* Pods-IOSPlayground-IOSPlaygroundUITests.debug.xcconfig */,
				153B522A3B49AC0019A554EE /* Pods-IOSPlayground-IOSPlaygroundUITests.release.xcconfig */,
				3BB732AC7FF11F5EA96F1861 /* Pods-IOSPlaygroundTests.debug.xcconfig */,
				F06952E58DDE7049915C41B2 /* Pods-IOSPlaygroundTests.release.xcconfig */,
			);
			path = Pods;
			sourceTree = "<group>";
		};
/* End PBXGroup section */

/* Begin PBXNativeTarget section */
		204EABD32A4C6C46003EBA36 /* IOSPlayground */ = {
			isa = PBXNativeTarget;
			buildConfigurationList = 204EABFE2A4C6C47003EBA36 /* Build configuration list for PBXNativeTarget "IOSPlayground" */;
			buildPhases = (
				E09E2E1FD31C3E31D87B5963 /* [CP] Check Pods Manifest.lock */,
				204EABD02A4C6C46003EBA36 /* Sources */,
				204EABD12A4C6C46003EBA36 /* Frameworks */,
				204EABD22A4C6C46003EBA36 /* Resources */,
				1B7D5B46CCE1A54DC516C667 /* [CP] Embed Pods Frameworks */,
			);
			buildRules = (
			);
			dependencies = (
			);
			name = IOSPlayground;
			productName = IOSPlayground;
			productReference = 204EABD42A4C6C46003EBA36 /* IOSPlayground.app */;
			productType = "com.apple.product-type.application";
		};
		204EABE92A4C6C47003EBA36 /* IOSPlaygroundTests */ = {
			isa = PBXNativeTarget;
			buildConfigurationList = 204EAC012A4C6C47003EBA36 /* Build configuration list for PBXNativeTarget "IOSPlaygroundTests" */;
			buildPhases = (
				5EFE4E8E714B4A81C8B74DF6 /* [CP] Check Pods Manifest.lock */,
				204EABE62A4C6C47003EBA36 /* Sources */,
				204EABE72A4C6C47003EBA36 /* Frameworks */,
				204EABE82A4C6C47003EBA36 /* Resources */,
			);
			buildRules = (
			);
			dependencies = (
				204EABEC2A4C6C47003EBA36 /* PBXTargetDependency */,
			);
			name = IOSPlaygroundTests;
			productName = IOSPlaygroundTests;
			productReference = 204EABEA2A4C6C47003EBA36 /* IOSPlaygroundTests.xctest */;
			productType = "com.apple.product-type.bundle.unit-test";
		};
		204EABF32A4C6C47003EBA36 /* IOSPlaygroundUITests */ = {
			isa = PBXNativeTarget;
			buildConfigurationList = 204EAC042A4C6C47003EBA36 /* Build configuration list for PBXNativeTarget "IOSPlaygroundUITests" */;
			buildPhases = (
				C63B1D032B6AC338349A4EB3 /* [CP] Check Pods Manifest.lock */,
				204EABF02A4C6C47003EBA36 /* Sources */,
				204EABF12A4C6C47003EBA36 /* Frameworks */,
				204EABF22A4C6C47003EBA36 /* Resources */,
				24A10C84DDD9943A2AD18D0B /* [CP] Embed Pods Frameworks */,
			);
			buildRules = (
			);
			dependencies = (
				204EABF62A4C6C47003EBA36 /* PBXTargetDependency */,
			);
			name = IOSPlaygroundUITests;
			productName = IOSPlaygroundUITests;
			productReference = 204EABF42A4C6C47003EBA36 /* IOSPlaygroundUITests.xctest */;
			productType = "com.apple.product-type.bundle.ui-testing";
		};
/* End PBXNativeTarget section */

/* Begin PBXProject section */
		204EABCC2A4C6C46003EBA36 /* Project object */ = {
			isa = PBXProject;
			attributes = {
				BuildIndependentTargetsInParallel = 1;
				LastSwiftUpdateCheck = 1430;
				LastUpgradeCheck = 1430;
				TargetAttributes = {
					204EABD32A4C6C46003EBA36 = {
						CreatedOnToolsVersion = 14.3.1;
					};
					204EABE92A4C6C47003EBA36 = {
						CreatedOnToolsVersion = 14.3.1;
						TestTargetID = 204EABD32A4C6C46003EBA36;
					};
					204EABF32A4C6C47003EBA36 = {
						CreatedOnToolsVersion = 14.3.1;
						TestTargetID = 204EABD32A4C6C46003EBA36;
					};
				};
			};
			buildConfigurationList = 204EABCF2A4C6C46003EBA36 /* Build configuration list for PBXProject "IOSPlayground" */;
			compatibilityVersion = "Xcode 14.0";
			developmentRegion = en;
			hasScannedForEncodings = 0;
			knownRegions = (
				en,
				Base,
			);
			mainGroup = 204EABCB2A4C6C46003EBA36;
			productRefGroup = 204EABD52A4C6C46003EBA36 /* Products */;
			projectDirPath = "";
			projectRoot = "";
			targets = (
				204EABD32A4C6C46003EBA36 /* IOSPlayground */,
				204EABE92A4C6C47003EBA36 /* IOSPlaygroundTests */,
				204EABF32A4C6C47003EBA36 /* IOSPlaygroundUITests */,
			);
		};
/* End PBXProject section */

/* Begin PBXResourcesBuildPhase section */
		204EABD22A4C6C46003EBA36 /* Resources */ = {
			isa = PBXResourcesBuildPhase;
			buildActionMask = 2147483647;
			files = (
				204EABE42A4C6C47003EBA36 /* LaunchScreen.storyboard in Resources */,
				204EABE12A4C6C47003EBA36 /* Assets.xcassets in Resources */,
			);
			runOnlyForDeploymentPostprocessing = 0;
		};
		204EABE82A4C6C47003EBA36 /* Resources */ = {
			isa = PBXResourcesBuildPhase;
			buildActionMask = 2147483647;
			files = (
			);
			runOnlyForDeploymentPostprocessing = 0;
		};
		204EABF22A4C6C47003EBA36 /* Resources */ = {
			isa = PBXResourcesBuildPhase;
			buildActionMask = 2147483647;
			files = (
			);
			runOnlyForDeploymentPostprocessing = 0;
		};
/* End PBXResourcesBuildPhase section */

/* Begin PBXShellScriptBuildPhase section */
		1B7D5B46CCE1A54DC516C667 /* [CP] Embed Pods Frameworks */ = {
			isa = PBXShellScriptBuildPhase;
			buildActionMask = 2147483647;
			files = (
			);
			inputFileListPaths = (
				"${PODS_ROOT}/Target Support Files/Pods-IOSPlayground/Pods-IOSPlayground-frameworks-${CONFIGURATION}-input-files.xcfilelist",
			);
			name = "[CP] Embed Pods Frameworks";
			outputFileListPaths = (
				"${PODS_ROOT}/Target Support Files/Pods-IOSPlayground/Pods-IOSPlayground-frameworks-${CONFIGURATION}-output-files.xcfilelist",
			);
			runOnlyForDeploymentPostprocessing = 0;
			shellPath = /bin/sh;
			shellScript = "\"${PODS_ROOT}/Target Support Files/Pods-IOSPlayground/Pods-IOSPlayground-frameworks.sh\"\n";
			showEnvVarsInLog = 0;
		};
		24A10C84DDD9943A2AD18D0B /* [CP] Embed Pods Frameworks */ = {
			isa = PBXShellScriptBuildPhase;
			buildActionMask = 2147483647;
			files = (
			);
			inputFileListPaths = (
				"${PODS_ROOT}/Target Support Files/Pods-IOSPlayground-IOSPlaygroundUITests/Pods-IOSPlayground-IOSPlaygroundUITests-frameworks-${CONFIGURATION}-input-files.xcfilelist",
			);
			name = "[CP] Embed Pods Frameworks";
			outputFileListPaths = (
				"${PODS_ROOT}/Target Support Files/Pods-IOSPlayground-IOSPlaygroundUITests/Pods-IOSPlayground-IOSPlaygroundUITests-frameworks-${CONFIGURATION}-output-files.xcfilelist",
			);
			runOnlyForDeploymentPostprocessing = 0;
			shellPath = /bin/sh;
			shellScript = "\"${PODS_ROOT}/Target Support Files/Pods-IOSPlayground-IOSPlaygroundUITests/Pods-IOSPlayground-IOSPlaygroundUITests-frameworks.sh\"\n";
			showEnvVarsInLog = 0;
		};
		5EFE4E8E714B4A81C8B74DF6 /* [CP] Check Pods Manifest.lock */ = {
			isa = PBXShellScriptBuildPhase;
			buildActionMask = 2147483647;
			files = (
			);
			inputFileListPaths = (
			);
			inputPaths = (
				"${PODS_PODFILE_DIR_PATH}/Podfile.lock",
				"${PODS_ROOT}/Manifest.lock",
			);
			name = "[CP] Check Pods Manifest.lock";
			outputFileListPaths = (
			);
			outputPaths = (
				"$(DERIVED_FILE_DIR)/Pods-IOSPlaygroundTests-checkManifestLockResult.txt",
			);
			runOnlyForDeploymentPostprocessing = 0;
			shellPath = /bin/sh;
			shellScript = "diff \"${PODS_PODFILE_DIR_PATH}/Podfile.lock\" \"${PODS_ROOT}/Manifest.lock\" > /dev/null\nif [ $? != 0 ] ; then\n    # print error to STDERR\n    echo \"error: The sandbox is not in sync with the Podfile.lock. Run 'pod install' or update your CocoaPods installation.\" >&2\n    exit 1\nfi\n# This output is used by Xcode 'outputs' to avoid re-running this script phase.\necho \"SUCCESS\" > \"${SCRIPT_OUTPUT_FILE_0}\"\n";
			showEnvVarsInLog = 0;
		};
		C63B1D032B6AC338349A4EB3 /* [CP] Check Pods Manifest.lock */ = {
			isa = PBXShellScriptBuildPhase;
			buildActionMask = 2147483647;
			files = (
			);
			inputFileListPaths = (
			);
			inputPaths = (
				"${PODS_PODFILE_DIR_PATH}/Podfile.lock",
				"${PODS_ROOT}/Manifest.lock",
			);
			name = "[CP] Check Pods Manifest.lock";
			outputFileListPaths = (
			);
			outputPaths = (
				"$(DERIVED_FILE_DIR)/Pods-IOSPlayground-IOSPlaygroundUITests-checkManifestLockResult.txt",
			);
			runOnlyForDeploymentPostprocessing = 0;
			shellPath = /bin/sh;
			shellScript = "diff \"${PODS_PODFILE_DIR_PATH}/Podfile.lock\" \"${PODS_ROOT}/Manifest.lock\" > /dev/null\nif [ $? != 0 ] ; then\n    # print error to STDERR\n    echo \"error: The sandbox is not in sync with the Podfile.lock. Run 'pod install' or update your CocoaPods installation.\" >&2\n    exit 1\nfi\n# This output is used by Xcode 'outputs' to avoid re-running this script phase.\necho \"SUCCESS\" > \"${SCRIPT_OUTPUT_FILE_0}\"\n";
			showEnvVarsInLog = 0;
		};
		E09E2E1FD31C3E31D87B5963 /* [CP] Check Pods Manifest.lock */ = {
			isa = PBXShellScriptBuildPhase;
			buildActionMask = 2147483647;
			files = (
			);
			inputFileListPaths = (
			);
			inputPaths = (
				"${PODS_PODFILE_DIR_PATH}/Podfile.lock",
				"${PODS_ROOT}/Manifest.lock",
			);
			name = "[CP] Check Pods Manifest.lock";
			outputFileListPaths = (
			);
			outputPaths = (
				"$(DERIVED_FILE_DIR)/Pods-IOSPlayground-checkManifestLockResult.txt",
			);
			runOnlyForDeploymentPostprocessing = 0;
			shellPath = /bin/sh;
			shellScript = "diff \"${PODS_PODFILE_DIR_PATH}/Podfile.lock\" \"${PODS_ROOT}/Manifest.lock\" > /dev/null\nif [ $? != 0 ] ; then\n    # print error to STDERR\n    echo \"error: The sandbox is not in sync with the Podfile.lock. Run 'pod install' or update your CocoaPods installation.\" >&2\n    exit 1\nfi\n# This output is used by Xcode 'outputs' to avoid re-running this script phase.\necho \"SUCCESS\" > \"${SCRIPT_OUTPUT_FILE_0}\"\n";
			showEnvVarsInLog = 0;
		};
/* End PBXShellScriptBuildPhase section */

/* Begin PBXSourcesBuildPhase section */
		204EABD02A4C6C46003EBA36 /* Sources */ = {
			isa = PBXSourcesBuildPhase;
			buildActionMask = 2147483647;
			files = (
				204EAC142A4D1630003EBA36 /* Demo2ViewController.swift in Sources */,
				204EAC0B2A4CF8BE003EBA36 /* NotificationCenterTester.swift in Sources */,
				204EABDC2A4C6C46003EBA36 /* ViewController.swift in Sources */,
				204EABD82A4C6C46003EBA36 /* AppDelegate.swift in Sources */,
				204EAC122A4D1616003EBA36 /* Demo1ViewController.swift in Sources */,
				204EABDA2A4C6C46003EBA36 /* SceneDelegate.swift in Sources */,
				204EAC0E2A4CFDAC003EBA36 /* UILabelPlayground.swift in Sources */,
			);
			runOnlyForDeploymentPostprocessing = 0;
		};
		204EABE62A4C6C47003EBA36 /* Sources */ = {
			isa = PBXSourcesBuildPhase;
			buildActionMask = 2147483647;
			files = (
				204EABEF2A4C6C47003EBA36 /* IOSPlaygroundTests.swift in Sources */,
			);
			runOnlyForDeploymentPostprocessing = 0;
		};
		204EABF02A4C6C47003EBA36 /* Sources */ = {
			isa = PBXSourcesBuildPhase;
			buildActionMask = 2147483647;
			files = (
				204EABF92A4C6C47003EBA36 /* IOSPlaygroundUITests.swift in Sources */,
				204EABFB2A4C6C47003EBA36 /* IOSPlaygroundUITestsLaunchTests.swift in Sources */,
			);
			runOnlyForDeploymentPostprocessing = 0;
		};
/* End PBXSourcesBuildPhase section */

/* Begin PBXTargetDependency section */
		204EABEC2A4C6C47003EBA36 /* PBXTargetDependency */ = {
			isa = PBXTargetDependency;
			target = 204EABD32A4C6C46003EBA36 /* IOSPlayground */;
			targetProxy = 204EABEB2A4C6C47003EBA36 /* PBXContainerItemProxy */;
		};
		204EABF62A4C6C47003EBA36 /* PBXTargetDependency */ = {
			isa = PBXTargetDependency;
			target = 204EABD32A4C6C46003EBA36 /* IOSPlayground */;
			targetProxy = 204EABF52A4C6C47003EBA36 /* PBXContainerItemProxy */;
		};
/* End PBXTargetDependency section */

/* Begin PBXVariantGroup section */
		204EABE22A4C6C47003EBA36 /* LaunchScreen.storyboard */ = {
			isa = PBXVariantGroup;
			children = (
				204EABE32A4C6C47003EBA36 /* Base */,
			);
			name = LaunchScreen.storyboard;
			sourceTree = "<group>";
		};
/* End PBXVariantGroup section */

/* Begin XCBuildConfiguration section */
		204EABFC2A4C6C47003EBA36 /* Debug */ = {
			isa = XCBuildConfiguration;
			buildSettings = {
				ALWAYS_SEARCH_USER_PATHS = NO;
				CLANG_ANALYZER_NONNULL = YES;
				CLANG_ANALYZER_NUMBER_OBJECT_CONVERSION = YES_AGGRESSIVE;
				CLANG_CXX_LANGUAGE_STANDARD = "gnu++20";
				CLANG_ENABLE_MODULES = YES;
				CLANG_ENABLE_OBJC_ARC = YES;
				CLANG_ENABLE_OBJC_WEAK = YES;
				CLANG_WARN_BLOCK_CAPTURE_AUTORELEASING = YES;
				CLANG_WARN_BOOL_CONVERSION = YES;
				CLANG_WARN_COMMA = YES;
				CLANG_WARN_CONSTANT_CONVERSION = YES;
				CLANG_WARN_DEPRECATED_OBJC_IMPLEMENTATIONS = YES;
				CLANG_WARN_DIRECT_OBJC_ISA_USAGE = YES_ERROR;
				CLANG_WARN_DOCUMENTATION_COMMENTS = YES;
				CLANG_WARN_EMPTY_BODY = YES;
				CLANG_WARN_ENUM_CONVERSION = YES;
				CLANG_WARN_INFINITE_RECURSION = YES;
				CLANG_WARN_INT_CONVERSION = YES;
				CLANG_WARN_NON_LITERAL_NULL_CONVERSION = YES;
				CLANG_WARN_OBJC_IMPLICIT_RETAIN_SELF = YES;
				CLANG_WARN_OBJC_LITERAL_CONVERSION = YES;
				CLANG_WARN_OBJC_ROOT_CLASS = YES_ERROR;
				CLANG_WARN_QUOTED_INCLUDE_IN_FRAMEWORK_HEADER = YES;
				CLANG_WARN_RANGE_LOOP_ANALYSIS = YES;
				CLANG_WARN_STRICT_PROTOTYPES = YES;
				CLANG_WARN_SUSPICIOUS_MOVE = YES;
				CLANG_WARN_UNGUARDED_AVAILABILITY = YES_AGGRESSIVE;
				CLANG_WARN_UNREACHABLE_CODE = YES;
				CLANG_WARN__DUPLICATE_METHOD_MATCH = YES;
				COPY_PHASE_STRIP = NO;
				DEBUG_INFORMATION_FORMAT = dwarf;
				ENABLE_STRICT_OBJC_MSGSEND = YES;
				ENABLE_TESTABILITY = YES;
				GCC_C_LANGUAGE_STANDARD = gnu11;
				GCC_DYNAMIC_NO_PIC = NO;
				GCC_NO_COMMON_BLOCKS = YES;
				GCC_OPTIMIZATION_LEVEL = 0;
				GCC_PREPROCESSOR_DEFINITIONS = (
					"DEBUG=1",
					"$(inherited)",
				);
				GCC_WARN_64_TO_32_BIT_CONVERSION = YES;
				GCC_WARN_ABOUT_RETURN_TYPE = YES_ERROR;
				GCC_WARN_UNDECLARED_SELECTOR = YES;
				GCC_WARN_UNINITIALIZED_AUTOS = YES_AGGRESSIVE;
				GCC_WARN_UNUSED_FUNCTION = YES;
				GCC_WARN_UNUSED_VARIABLE = YES;
				IPHONEOS_DEPLOYMENT_TARGET = 16.4;
				MTL_ENABLE_DEBUG_INFO = INCLUDE_SOURCE;
				MTL_FAST_MATH = YES;
				ONLY_ACTIVE_ARCH = YES;
				SDKROOT = iphoneos;
				SWIFT_ACTIVE_COMPILATION_CONDITIONS = DEBUG;
				SWIFT_OPTIMIZATION_LEVEL = "-Onone";
			};
			name = Debug;
		};
		204EABFD2A4C6C47003EBA36 /* Release */ = {
			isa = XCBuildConfiguration;
			buildSettings = {
				ALWAYS_SEARCH_USER_PATHS = NO;
				CLANG_ANALYZER_NONNULL = YES;
				CLANG_ANALYZER_NUMBER_OBJECT_CONVERSION = YES_AGGRESSIVE;
				CLANG_CXX_LANGUAGE_STANDARD = "gnu++20";
				CLANG_ENABLE_MODULES = YES;
				CLANG_ENABLE_OBJC_ARC = YES;
				CLANG_ENABLE_OBJC_WEAK = YES;
				CLANG_WARN_BLOCK_CAPTURE_AUTORELEASING = YES;
				CLANG_WARN_BOOL_CONVERSION = YES;
				CLANG_WARN_COMMA = YES;
				CLANG_WARN_CONSTANT_CONVERSION = YES;
				CLANG_WARN_DEPRECATED_OBJC_IMPLEMENTATIONS = YES;
				CLANG_WARN_DIRECT_OBJC_ISA_USAGE = YES_ERROR;
				CLANG_WARN_DOCUMENTATION_COMMENTS = YES;
				CLANG_WARN_EMPTY_BODY = YES;
				CLANG_WARN_ENUM_CONVERSION = YES;
				CLANG_WARN_INFINITE_RECURSION = YES;
				CLANG_WARN_INT_CONVERSION = YES;
				CLANG_WARN_NON_LITERAL_NULL_CONVERSION = YES;
				CLANG_WARN_OBJC_IMPLICIT_RETAIN_SELF = YES;
				CLANG_WARN_OBJC_LITERAL_CONVERSION = YES;
				CLANG_WARN_OBJC_ROOT_CLASS = YES_ERROR;
				CLANG_WARN_QUOTED_INCLUDE_IN_FRAMEWORK_HEADER = YES;
				CLANG_WARN_RANGE_LOOP_ANALYSIS = YES;
				CLANG_WARN_STRICT_PROTOTYPES = YES;
				CLANG_WARN_SUSPICIOUS_MOVE = YES;
				CLANG_WARN_UNGUARDED_AVAILABILITY = YES_AGGRESSIVE;
				CLANG_WARN_UNREACHABLE_CODE = YES;
				CLANG_WARN__DUPLICATE_METHOD_MATCH = YES;
				COPY_PHASE_STRIP = NO;
				DEBUG_INFORMATION_FORMAT = "dwarf-with-dsym";
				ENABLE_NS_ASSERTIONS = NO;
				ENABLE_STRICT_OBJC_MSGSEND = YES;
				GCC_C_LANGUAGE_STANDARD = gnu11;
				GCC_NO_COMMON_BLOCKS = YES;
				GCC_WARN_64_TO_32_BIT_CONVERSION = YES;
				GCC_WARN_ABOUT_RETURN_TYPE = YES_ERROR;
				GCC_WARN_UNDECLARED_SELECTOR = YES;
				GCC_WARN_UNINITIALIZED_AUTOS = YES_AGGRESSIVE;
				GCC_WARN_UNUSED_FUNCTION = YES;
				GCC_WARN_UNUSED_VARIABLE = YES;
				IPHONEOS_DEPLOYMENT_TARGET = 16.4;
				MTL_ENABLE_DEBUG_INFO = NO;
				MTL_FAST_MATH = YES;
				SDKROOT = iphoneos;
				SWIFT_COMPILATION_MODE = wholemodule;
				SWIFT_OPTIMIZATION_LEVEL = "-O";
				VALIDATE_PRODUCT = YES;
			};
			name = Release;
		};
		204EABFF2A4C6C47003EBA36 /* Debug */ = {
			isa = XCBuildConfiguration;
			baseConfigurationReference = 5BFF1D2F1FD52BCC97F9CEA2 /* Pods-IOSPlayground.debug.xcconfig */;
			buildSettings = {
				ASSETCATALOG_COMPILER_APPICON_NAME = AppIcon;
				ASSETCATALOG_COMPILER_GLOBAL_ACCENT_COLOR_NAME = AccentColor;
				CODE_SIGN_STYLE = Automatic;
				CURRENT_PROJECT_VERSION = 1;
				GENERATE_INFOPLIST_FILE = YES;
				INFOPLIST_FILE = IOSPlayground/Info.plist;
				INFOPLIST_KEY_UIApplicationSupportsIndirectInputEvents = YES;
				INFOPLIST_KEY_UILaunchStoryboardName = LaunchScreen;
				INFOPLIST_KEY_UISupportedInterfaceOrientations_iPad = "UIInterfaceOrientationPortrait UIInterfaceOrientationPortraitUpsideDown UIInterfaceOrientationLandscapeLeft UIInterfaceOrientationLandscapeRight";
				INFOPLIST_KEY_UISupportedInterfaceOrientations_iPhone = "UIInterfaceOrientationPortrait UIInterfaceOrientationLandscapeLeft UIInterfaceOrientationLandscapeRight";
				IPHONEOS_DEPLOYMENT_TARGET = 16.0;
				LD_RUNPATH_SEARCH_PATHS = (
					"$(inherited)",
					"@executable_path/Frameworks",
				);
				MARKETING_VERSION = 1.0;
				PRODUCT_BUNDLE_IDENTIFIER = com.zhbhun.swift.IOSPlayground;
				PRODUCT_NAME = "$(TARGET_NAME)";
				SWIFT_EMIT_LOC_STRINGS = YES;
				SWIFT_VERSION = 5.0;
				TARGETED_DEVICE_FAMILY = "1,2";
			};
			name = Debug;
		};
		204EAC002A4C6C47003EBA36 /* Release */ = {
			isa = XCBuildConfiguration;
			baseConfigurationReference = BC4CAE2EDC3204531C74AD2E /* Pods-IOSPlayground.release.xcconfig */;
			buildSettings = {
				ASSETCATALOG_COMPILER_APPICON_NAME = AppIcon;
				ASSETCATALOG_COMPILER_GLOBAL_ACCENT_COLOR_NAME = AccentColor;
				CODE_SIGN_STYLE = Automatic;
				CURRENT_PROJECT_VERSION = 1;
				GENERATE_INFOPLIST_FILE = YES;
				INFOPLIST_FILE = IOSPlayground/Info.plist;
				INFOPLIST_KEY_UIApplicationSupportsIndirectInputEvents = YES;
				INFOPLIST_KEY_UILaunchStoryboardName = LaunchScreen;
				INFOPLIST_KEY_UISupportedInterfaceOrientations_iPad = "UIInterfaceOrientationPortrait UIInterfaceOrientationPortraitUpsideDown UIInterfaceOrientationLandscapeLeft UIInterfaceOrientationLandscapeRight";
				INFOPLIST_KEY_UISupportedInterfaceOrientations_iPhone = "UIInterfaceOrientationPortrait UIInterfaceOrientationLandscapeLeft UIInterfaceOrientationLandscapeRight";
				IPHONEOS_DEPLOYMENT_TARGET = 16.0;
				LD_RUNPATH_SEARCH_PATHS = (
					"$(inherited)",
					"@executable_path/Frameworks",
				);
				MARKETING_VERSION = 1.0;
				PRODUCT_BUNDLE_IDENTIFIER = com.zhbhun.swift.IOSPlayground;
				PRODUCT_NAME = "$(TARGET_NAME)";
				SWIFT_EMIT_LOC_STRINGS = YES;
				SWIFT_VERSION = 5.0;
				TARGETED_DEVICE_FAMILY = "1,2";
			};
			name = Release;
		};
		204EAC022A4C6C47003EBA36 /* Debug */ = {
			isa = XCBuildConfiguration;
			baseConfigurationReference = 3BB732AC7FF11F5EA96F1861 /* Pods-IOSPlaygroundTests.debug.xcconfig */;
			buildSettings = {
				ALWAYS_EMBED_SWIFT_STANDARD_LIBRARIES = YES;
				BUNDLE_LOADER = "$(TEST_HOST)";
				CODE_SIGN_STYLE = Automatic;
				CURRENT_PROJECT_VERSION = 1;
				GENERATE_INFOPLIST_FILE = YES;
				IPHONEOS_DEPLOYMENT_TARGET = 16.4;
				MARKETING_VERSION = 1.0;
				PRODUCT_BUNDLE_IDENTIFIER = com.zhbhun.swift.IOSPlaygroundTests;
				PRODUCT_NAME = "$(TARGET_NAME)";
				SWIFT_EMIT_LOC_STRINGS = NO;
				SWIFT_VERSION = 5.0;
				TARGETED_DEVICE_FAMILY = "1,2";
				TEST_HOST = "$(BUILT_PRODUCTS_DIR)/IOSPlayground.app/$(BUNDLE_EXECUTABLE_FOLDER_PATH)/IOSPlayground";
			};
			name = Debug;
		};
		204EAC032A4C6C47003EBA36 /* Release */ = {
			isa = XCBuildConfiguration;
			baseConfigurationReference = F06952E58DDE7049915C41B2 /* Pods-IOSPlaygroundTests.release.xcconfig */;
			buildSettings = {
				ALWAYS_EMBED_SWIFT_STANDARD_LIBRARIES = YES;
				BUNDLE_LOADER = "$(TEST_HOST)";
				CODE_SIGN_STYLE = Automatic;
				CURRENT_PROJECT_VERSION = 1;
				GENERATE_INFOPLIST_FILE = YES;
				IPHONEOS_DEPLOYMENT_TARGET = 16.4;
				MARKETING_VERSION = 1.0;
				PRODUCT_BUNDLE_IDENTIFIER = com.zhbhun.swift.IOSPlaygroundTests;
				PRODUCT_NAME = "$(TARGET_NAME)";
				SWIFT_EMIT_LOC_STRINGS = NO;
				SWIFT_VERSION = 5.0;
				TARGETED_DEVICE_FAMILY = "1,2";
				TEST_HOST = "$(BUILT_PRODUCTS_DIR)/IOSPlayground.app/$(BUNDLE_EXECUTABLE_FOLDER_PATH)/IOSPlayground";
			};
			name = Release;
		};
		204EAC052A4C6C47003EBA36 /* Debug */ = {
			isa = XCBuildConfiguration;
			baseConfigurationReference = 78F512D17AF5AAE8E62109F1 /* Pods-IOSPlayground-IOSPlaygroundUITests.debug.xcconfig */;
			buildSettings = {
				ALWAYS_EMBED_SWIFT_STANDARD_LIBRARIES = YES;
				CODE_SIGN_STYLE = Automatic;
				CURRENT_PROJECT_VERSION = 1;
				GENERATE_INFOPLIST_FILE = YES;
				MARKETING_VERSION = 1.0;
				PRODUCT_BUNDLE_IDENTIFIER = com.zhbhun.swift.IOSPlaygroundUITests;
				PRODUCT_NAME = "$(TARGET_NAME)";
				SWIFT_EMIT_LOC_STRINGS = NO;
				SWIFT_VERSION = 5.0;
				TARGETED_DEVICE_FAMILY = "1,2";
				TEST_TARGET_NAME = IOSPlayground;
			};
			name = Debug;
		};
		204EAC062A4C6C47003EBA36 /* Release */ = {
			isa = XCBuildConfiguration;
			baseConfigurationReference = 153B522A3B49AC0019A554EE /* Pods-IOSPlayground-IOSPlaygroundUITests.release.xcconfig */;
			buildSettings = {
				ALWAYS_EMBED_SWIFT_STANDARD_LIBRARIES = YES;
				CODE_SIGN_STYLE = Automatic;
				CURRENT_PROJECT_VERSION = 1;
				GENERATE_INFOPLIST_FILE = YES;
				MARKETING_VERSION = 1.0;
				PRODUCT_BUNDLE_IDENTIFIER = com.zhbhun.swift.IOSPlaygroundUITests;
				PRODUCT_NAME = "$(TARGET_NAME)";
				SWIFT_EMIT_LOC_STRINGS = NO;
				SWIFT_VERSION = 5.0;
				TARGETED_DEVICE_FAMILY = "1,2";
				TEST_TARGET_NAME = IOSPlayground;
			};
			name = Release;
		};
/* End XCBuildConfiguration section */

/* Begin XCConfigurationList section */
		204EABCF2A4C6C46003EBA36 /* Build configuration list for PBXProject "IOSPlayground" */ = {
			isa = XCConfigurationList;
			buildConfigurations = (
				204EABFC2A4C6C47003EBA36 /* Debug */,
				204EABFD2A4C6C47003EBA36 /* Release */,
			);
			defaultConfigurationIsVisible = 0;
			defaultConfigurationName = Release;
		};
		204EABFE2A4C6C47003EBA36 /* Build configuration list for PBXNativeTarget "IOSPlayground" */ = {
			isa = XCConfigurationList;
			buildConfigurations = (
				204EABFF2A4C6C47003EBA36 /* Debug */,
				204EAC002A4C6C47003EBA36 /* Release */,
			);
			defaultConfigurationIsVisible = 0;
			defaultConfigurationName = Release;
		};
		204EAC012A4C6C47003EBA36 /* Build configuration list for PBXNativeTarget "IOSPlaygroundTests" */ = {
			isa = XCConfigurationList;
			buildConfigurations = (
				204EAC022A4C6C47003EBA36 /* Debug */,
				204EAC032A4C6C47003EBA36 /* Release */,
			);
			defaultConfigurationIsVisible = 0;
			defaultConfigurationName = Release;
		};
		204EAC042A4C6C47003EBA36 /* Build configuration list for PBXNativeTarget "IOSPlaygroundUITests" */ = {
			isa = XCConfigurationList;
			buildConfigurations = (
				204EAC052A4C6C47003EBA36 /* Debug */,
				204EAC062A4C6C47003EBA36 /* Release */,
			);
			defaultConfigurationIsVisible = 0;
			defaultConfigurationName = Release;
		};
/* End XCConfigurationList section */
	};
	rootObject = 204EABCC2A4C6C46003EBA36 /* Project object */;
}
