// !$*UTF8*$!
{
	archiveVersion = 1;
	classes = {
	};
	objectVersion = 56;
	objects = {

/* Begin PBXBuildFile section */
		204EABD82A4C6C46003EBA36 /* AppDelegate.swift in Sources */ = {isa = PBXBuildFile; fileRef = 204EABD72A4C6C46003EBA36 /* AppDelegate.swift */; };
		204EABDA2A4C6C46003EBA36 /* SceneDelegate.swift in Sources */ = {isa = PBXBuildFile; fileRef = 204EABD92A4C6C46003EBA36 /* SceneDelegate.swift */; };
		204EABDC2A4C6C46003EBA36 /* ViewController.swift in Sources */ = {isa = PBXBuildFile; fileRef = 204EABDB2A4C6C46003EBA36 /* ViewController.swift */; };
		204EABE12A4C6C47003EBA36 /* Assets.xcassets in Resources */ = {isa = PBXBuildFile; fileRef = 204EABE02A4C6C47003EBA36 /* Assets.xcassets */; };
		204EABE42A4C6C47003EBA36 /* LaunchScreen.storyboard in Resources */ = {isa = PBXBuildFile; fileRef = 204EABE22A4C6C47003EBA36 /* LaunchScreen.storyboard */; };
		204EABEF2A4C6C47003EBA36 /* IOSPlaygroundTests.swift in Sources */ = {isa = PBXBuildFile; fileRef = 204EABEE2A4C6C47003EBA36 /* IOSPlaygroundTests.swift */; };
		204EABF92A4C6C47003EBA36 /* IOSPlaygroundUITests.swift in Sources */ = {isa = PBXBuildFile; fileRef = 204EABF82A4C6C47003EBA36 /* IOSPlaygroundUITests.swift */; };
		204EABFB2A4C6C47003EBA36 /* IOSPlaygroundUITestsLaunchTests.swift in Sources */ = {isa = PBXBuildFile; fileRef = 204EABFA2A4C6C47003EBA36 /* IOSPlaygroundUITestsLaunchTests.swift */; };
		204EAC0B2A4CF8BE003EBA36 /* NotificationCenterTester.swift in Sources */ = {isa = PBXBuildFile; fileRef = 204EAC0A2A4CF8BE003EBA36 /* NotificationCenterTester.swift */; };
		205918A52D8D0B09007EC2FB /* DemoListView.swift in Sources */ = {isa = PBXBuildFile; fileRef = 205918A42D8D0AFA007EC2FB /* DemoListView.swift */; };
		205B09062D7DE179002390E2 /* UICVCLGroupContentInsetsPlayground.swift in Sources */ = {isa = PBXBuildFile; fileRef = 205B08D92D7DE179002390E2 /* UICVCLGroupContentInsetsPlayground.swift */; };
		205B09072D7DE179002390E2 /* UICVCLGroupEdgeSpacingPlayground.swift in Sources */ = {isa = PBXBuildFile; fileRef = 205B08DA2D7DE179002390E2 /* UICVCLGroupEdgeSpacingPlayground.swift */; };
		205B09082D7DE179002390E2 /* UICVCLGroupInterItemSpacingPlayground.swift in Sources */ = {isa = PBXBuildFile; fileRef = 205B08DB2D7DE179002390E2 /* UICVCLGroupInterItemSpacingPlayground.swift */; };
		205B09092D7DE179002390E2 /* UICVCLGroupNestPlayground.swift in Sources */ = {isa = PBXBuildFile; fileRef = 205B08DC2D7DE179002390E2 /* UICVCLGroupNestPlayground.swift */; };
		205B090A2D7DE179002390E2 /* UICVCLGroupSubItemsPlayground.swift in Sources */ = {isa = PBXBuildFile; fileRef = 205B08DD2D7DE179002390E2 /* UICVCLGroupSubItemsPlayground.swift */; };
		205B090B2D7DE179002390E2 /* UICVCLItemContentInsetsPlayground.swift in Sources */ = {isa = PBXBuildFile; fileRef = 205B08DE2D7DE179002390E2 /* UICVCLItemContentInsetsPlayground.swift */; };
		205B090C2D7DE179002390E2 /* UICVCLItemEdgeSpacingPlayground.swift in Sources */ = {isa = PBXBuildFile; fileRef = 205B08DF2D7DE179002390E2 /* UICVCLItemEdgeSpacingPlayground.swift */; };
		205B090D2D7DE179002390E2 /* UICVCLItemLayoutSizePlayground.swift in Sources */ = {isa = PBXBuildFile; fileRef = 205B08E02D7DE179002390E2 /* UICVCLItemLayoutSizePlayground.swift */; };
		205B090E2D7DE179002390E2 /* UICVCLItemSupplementaryItemsPlayground.swift in Sources */ = {isa = PBXBuildFile; fileRef = 205B08E12D7DE179002390E2 /* UICVCLItemSupplementaryItemsPlayground.swift */; };
		205B090F2D7DE179002390E2 /* UICVCLPlayground.swift in Sources */ = {isa = PBXBuildFile; fileRef = 205B08E22D7DE179002390E2 /* UICVCLPlayground.swift */; };
		205B09102D7DE179002390E2 /* UICVCLSectionBoundarySupplementaryItemsPlayground.swift in Sources */ = {isa = PBXBuildFile; fileRef = 205B08E32D7DE179002390E2 /* UICVCLSectionBoundarySupplementaryItemsPlayground.swift */; };
		205B09112D7DE179002390E2 /* UICVCLSectionDecorationItemsPlayground.swift in Sources */ = {isa = PBXBuildFile; fileRef = 205B08E42D7DE179002390E2 /* UICVCLSectionDecorationItemsPlayground.swift */; };
		205B09122D7DE179002390E2 /* UICVCLSectionOrthogonalScrollingBehaviorPlayground.swift in Sources */ = {isa = PBXBuildFile; fileRef = 205B08E52D7DE179002390E2 /* UICVCLSectionOrthogonalScrollingBehaviorPlayground.swift */; };
		205B09132D7DE179002390E2 /* UICVCLSectionPinnedBoundarySupplementaryItemsPlayground.swift in Sources */ = {isa = PBXBuildFile; fileRef = 205B08E62D7DE179002390E2 /* UICVCLSectionPinnedBoundarySupplementaryItemsPlayground.swift */; };
		205B09142D7DE179002390E2 /* UICVCLSectionVisibleItemsInvalidationHandlerPlayground.swift in Sources */ = {isa = PBXBuildFile; fileRef = 205B08E72D7DE179002390E2 /* UICVCLSectionVisibleItemsInvalidationHandlerPlayground.swift */; };
		205B09152D7DE179002390E2 /* UICVCLWaterfallPlayground.swift in Sources */ = {isa = PBXBuildFile; fileRef = 205B08E82D7DE179002390E2 /* UICVCLWaterfallPlayground.swift */; };
		205B09162D7DE179002390E2 /* UICollectionViewCellPlayground.swift in Sources */ = {isa = PBXBuildFile; fileRef = 205B08EA2D7DE179002390E2 /* UICollectionViewCellPlayground.swift */; };
		205B09172D7DE179002390E2 /* UICollectionViewCellRegistrationPlayground.swift in Sources */ = {isa = PBXBuildFile; fileRef = 205B08EB2D7DE179002390E2 /* UICollectionViewCellRegistrationPlayground.swift */; };
		205B09182D7DE179002390E2 /* UICollectionViewCompositionalLayoutPlayground.swift in Sources */ = {isa = PBXBuildFile; fileRef = 205B08EC2D7DE179002390E2 /* UICollectionViewCompositionalLayoutPlayground.swift */; };
		205B09192D7DE179002390E2 /* UICollectionViewCompositionalLayoutWaterfallPlayground.swift in Sources */ = {isa = PBXBuildFile; fileRef = 205B08ED2D7DE179002390E2 /* UICollectionViewCompositionalLayoutWaterfallPlayground.swift */; };
		205B091A2D7DE179002390E2 /* UICollectionViewControllerPlayground.swift in Sources */ = {isa = PBXBuildFile; fileRef = 205B08EE2D7DE179002390E2 /* UICollectionViewControllerPlayground.swift */; };
		205B091B2D7DE179002390E2 /* UICollectionViewDataSourcePlayground.swift in Sources */ = {isa = PBXBuildFile; fileRef = 205B08EF2D7DE179002390E2 /* UICollectionViewDataSourcePlayground.swift */; };
		205B091C2D7DE179002390E2 /* UICollectionViewDataSourcePrefetchingPlayground.swift in Sources */ = {isa = PBXBuildFile; fileRef = 205B08F02D7DE179002390E2 /* UICollectionViewDataSourcePrefetchingPlayground.swift */; };
		205B091D2D7DE179002390E2 /* UICollectionViewDelegateFlowLayoutPlayground.swift in Sources */ = {isa = PBXBuildFile; fileRef = 205B08F12D7DE179002390E2 /* UICollectionViewDelegateFlowLayoutPlayground.swift */; };
		205B091E2D7DE179002390E2 /* UICollectionViewDelegatePlayground.swift in Sources */ = {isa = PBXBuildFile; fileRef = 205B08F22D7DE179002390E2 /* UICollectionViewDelegatePlayground.swift */; };
		205B091F2D7DE179002390E2 /* UICollectionViewDiffableDataSourcePlayground.swift in Sources */ = {isa = PBXBuildFile; fileRef = 205B08F32D7DE179002390E2 /* UICollectionViewDiffableDataSourcePlayground.swift */; };
		205B09202D7DE179002390E2 /* UICollectionViewDragPlayground.swift in Sources */ = {isa = PBXBuildFile; fileRef = 205B08F42D7DE179002390E2 /* UICollectionViewDragPlayground.swift */; };
		205B09212D7DE179002390E2 /* UICollectionViewFlowLayoutPlayground.swift in Sources */ = {isa = PBXBuildFile; fileRef = 205B08F52D7DE179002390E2 /* UICollectionViewFlowLayoutPlayground.swift */; };
		205B09222D7DE179002390E2 /* UICollectionViewNestingPlayground.swift in Sources */ = {isa = PBXBuildFile; fileRef = 205B08F62D7DE179002390E2 /* UICollectionViewNestingPlayground.swift */; };
		205B09232D7DE179002390E2 /* UICollectionViewPlayground.swift in Sources */ = {isa = PBXBuildFile; fileRef = 205B08F72D7DE179002390E2 /* UICollectionViewPlayground.swift */; };
		205B09242D7DE179002390E2 /* UICollectionViewSupplementaryRegistrationPlayground.swift in Sources */ = {isa = PBXBuildFile; fileRef = 205B08F82D7DE179002390E2 /* UICollectionViewSupplementaryRegistrationPlayground.swift */; };
		205B09252D7DE179002390E2 /* UICollectionViewWaterfallLayoutPlayground.swift in Sources */ = {isa = PBXBuildFile; fileRef = 205B08F92D7DE179002390E2 /* UICollectionViewWaterfallLayoutPlayground.swift */; };
		205B09262D7DE179002390E2 /* UIFlowListView.swift in Sources */ = {isa = PBXBuildFile; fileRef = 205B08FC2D7DE179002390E2 /* UIFlowListView.swift */; };
		205B09272D7DE179002390E2 /* FlexLayoutPlayground.swift in Sources */ = {isa = PBXBuildFile; fileRef = 205B08FE2D7DE179002390E2 /* FlexLayoutPlayground.swift */; };
		205B09282D7DE179002390E2 /* NSLayoutConstraintPlayground.swift in Sources */ = {isa = PBXBuildFile; fileRef = 205B08FF2D7DE179002390E2 /* NSLayoutConstraintPlayground.swift */; };
		205B09292D7DE179002390E2 /* UIColorPlayground.swift in Sources */ = {isa = PBXBuildFile; fileRef = 205B09002D7DE179002390E2 /* UIColorPlayground.swift */; };
		205B092A2D7DE179002390E2 /* UIImagePlayground.swift in Sources */ = {isa = PBXBuildFile; fileRef = 205B09012D7DE179002390E2 /* UIImagePlayground.swift */; };
		205B092B2D7DE179002390E2 /* UILabelPlayground.swift in Sources */ = {isa = PBXBuildFile; fileRef = 205B09022D7DE179002390E2 /* UILabelPlayground.swift */; };
		205B092C2D7DE179002390E2 /* UIStackViewPlayground.swift in Sources */ = {isa = PBXBuildFile; fileRef = 205B09032D7DE179002390E2 /* UIStackViewPlayground.swift */; };
		205B092D2D7DE179002390E2 /* UIViewPlayground.swift in Sources */ = {isa = PBXBuildFile; fileRef = 205B09042D7DE179002390E2 /* UIViewPlayground.swift */; };
		205B092E2D7DE179002390E2 /* README.md in Resources */ = {isa = PBXBuildFile; fileRef = 205B08FB2D7DE179002390E2 /* README.md */; };
		205B09312D7DE17C002390E2 /* UIPageViewControllerPlayground.swift in Sources */ = {isa = PBXBuildFile; fileRef = 205B092F2D7DE17C002390E2 /* UIPageViewControllerPlayground.swift */; };
		205B09362D7DE17F002390E2 /* ImageViewer.swift in Sources */ = {isa = PBXBuildFile; fileRef = 205B09322D7DE17F002390E2 /* ImageViewer.swift */; };
		205B09372D7DE17F002390E2 /* ImageViewerPlayground.swift in Sources */ = {isa = PBXBuildFile; fileRef = 205B09332D7DE17F002390E2 /* ImageViewerPlayground.swift */; };
		205B093A2D7DE17F002390E2 /* ReactivePlayground.swift in Sources */ = {isa = PBXBuildFile; fileRef = 205B09382D7DE17F002390E2 /* ReactivePlayground.swift */; };
		205B093D2D7DE17F002390E2 /* ListViewController.swift in Sources */ = {isa = PBXBuildFile; fileRef = 205B093B2D7DE17F002390E2 /* ListViewController.swift */; };
		205B09422D7DE17F002390E2 /* PublisherPlayground.swift in Sources */ = {isa = PBXBuildFile; fileRef = 205B093E2D7DE17F002390E2 /* PublisherPlayground.swift */; };
		205B094E2D7DE183002390E2 /* BackgroundPlayground.swift in Sources */ = {isa = PBXBuildFile; fileRef = 205B09432D7DE183002390E2 /* BackgroundPlayground.swift */; };
		205B094F2D7DE183002390E2 /* BorderPlayground.swift in Sources */ = {isa = PBXBuildFile; fileRef = 205B09442D7DE183002390E2 /* BorderPlayground.swift */; };
		205B09502D7DE183002390E2 /* CorderRadiusPlayground.swift in Sources */ = {isa = PBXBuildFile; fileRef = 205B09452D7DE183002390E2 /* CorderRadiusPlayground.swift */; };
		205B09512D7DE183002390E2 /* FramePlayground.swift in Sources */ = {isa = PBXBuildFile; fileRef = 205B09462D7DE183002390E2 /* FramePlayground.swift */; };
		205B09522D7DE183002390E2 /* MarginPlayground.swift in Sources */ = {isa = PBXBuildFile; fileRef = 205B09472D7DE183002390E2 /* MarginPlayground.swift */; };
		205B09532D7DE183002390E2 /* OpacityPlayground.swift in Sources */ = {isa = PBXBuildFile; fileRef = 205B09482D7DE183002390E2 /* OpacityPlayground.swift */; };
		205B09542D7DE183002390E2 /* ShadowPlayGround.swift in Sources */ = {isa = PBXBuildFile; fileRef = 205B09492D7DE183002390E2 /* ShadowPlayGround.swift */; };
		205B09552D7DE183002390E2 /* TextPlayground.swift in Sources */ = {isa = PBXBuildFile; fileRef = 205B094A2D7DE183002390E2 /* TextPlayground.swift */; };
		205B09562D7DE183002390E2 /* TransformPlayground.swift in Sources */ = {isa = PBXBuildFile; fileRef = 205B094B2D7DE183002390E2 /* TransformPlayground.swift */; };
		205B09572D7DE183002390E2 /* VisiblePlayground.swift in Sources */ = {isa = PBXBuildFile; fileRef = 205B094C2D7DE183002390E2 /* VisiblePlayground.swift */; };
		205B09592D7DE190002390E2 /* UIPanGestureRecognizerPlayground.swift in Sources */ = {isa = PBXBuildFile; fileRef = 205B09582D7DE190002390E2 /* UIPanGestureRecognizerPlayground.swift */; };
		207F22162D8C414200F3BC5C /* CALayerPlayground.swift in Sources */ = {isa = PBXBuildFile; fileRef = 207F22152D8C413D00F3BC5C /* CALayerPlayground.swift */; };
		207F22182D8C44EC00F3BC5C /* CATextLayerPlayground.swift in Sources */ = {isa = PBXBuildFile; fileRef = 207F22172D8C44E700F3BC5C /* CATextLayerPlayground.swift */; };
		20AF50FC2A6A7BFC00E498FC /* UITapGestureRecognizerPlayground.swift in Sources */ = {isa = PBXBuildFile; fileRef = 20AF50FB2A6A7BFC00E498FC /* UITapGestureRecognizerPlayground.swift */; };
		20AF50FE2A6A9B3200E498FC /* UILongPressGestureRecognizerPlayground.swift in Sources */ = {isa = PBXBuildFile; fileRef = 20AF50FD2A6A9B3200E498FC /* UILongPressGestureRecognizerPlayground.swift */; };
		2FE0FBE9546E0D3DBACFB0CE /* Pods_IOSPlaygroundTests.framework in Frameworks */ = {isa = PBXBuildFile; fileRef = F9816594EFD26BFC93B76F0E /* Pods_IOSPlaygroundTests.framework */; };
		55FFCC949981EBD22BB148CE /* Pods_IOSPlayground_IOSPlaygroundUITests.framework in Frameworks */ = {isa = PBXBuildFile; fileRef = DC4B618C3B3C327F31C6CE85 /* Pods_IOSPlayground_IOSPlaygroundUITests.framework */; };
		5AA2C8E89A029B26F0A3B651 /* Pods_IOSPlayground.framework in Frameworks */ = {isa = PBXBuildFile; fileRef = 5F6F25EFD902F47F430D8C1C /* Pods_IOSPlayground.framework */; };
/* End PBXBuildFile section */

/* Begin PBXContainerItemProxy section */
		204EABEB2A4C6C47003EBA36 /* PBXContainerItemProxy */ = {
			isa = PBXContainerItemProxy;
			containerPortal = 204EABCC2A4C6C46003EBA36 /* Project object */;
			proxyType = 1;
			remoteGlobalIDString = 204EABD32A4C6C46003EBA36;
			remoteInfo = IOSPlayground;
		};
		204EABF52A4C6C47003EBA36 /* PBXContainerItemProxy */ = {
			isa = PBXContainerItemProxy;
			containerPortal = 204EABCC2A4C6C46003EBA36 /* Project object */;
			proxyType = 1;
			remoteGlobalIDString = 204EABD32A4C6C46003EBA36;
			remoteInfo = IOSPlayground;
		};
/* End PBXContainerItemProxy section */

/* Begin PBXFileReference section */
		153B522A3B49AC0019A554EE /* Pods-IOSPlayground-IOSPlaygroundUITests.release.xcconfig */ = {isa = PBXFileReference; includeInIndex = 1; lastKnownFileType = text.xcconfig; name = "Pods-IOSPlayground-IOSPlaygroundUITests.release.xcconfig"; path = "Target Support Files/Pods-IOSPlayground-IOSPlaygroundUITests/Pods-IOSPlayground-IOSPlaygroundUITests.release.xcconfig"; sourceTree = "<group>"; };
		204EABD42A4C6C46003EBA36 /* IOSPlayground.app */ = {isa = PBXFileReference; explicitFileType = wrapper.application; includeInIndex = 0; path = IOSPlayground.app; sourceTree = BUILT_PRODUCTS_DIR; };
		204EABD72A4C6C46003EBA36 /* AppDelegate.swift */ = {isa = PBXFileReference; lastKnownFileType = sourcecode.swift; path = AppDelegate.swift; sourceTree = "<group>"; };
		204EABD92A4C6C46003EBA36 /* SceneDelegate.swift */ = {isa = PBXFileReference; lastKnownFileType = sourcecode.swift; path = SceneDelegate.swift; sourceTree = "<group>"; };
		204EABDB2A4C6C46003EBA36 /* ViewController.swift */ = {isa = PBXFileReference; lastKnownFileType = sourcecode.swift; path = ViewController.swift; sourceTree = "<group>"; };
		204EABE02A4C6C47003EBA36 /* Assets.xcassets */ = {isa = PBXFileReference; lastKnownFileType = folder.assetcatalog; path = Assets.xcassets; sourceTree = "<group>"; };
		204EABE32A4C6C47003EBA36 /* Base */ = {isa = PBXFileReference; lastKnownFileType = file.storyboard; name = Base; path = Base.lproj/LaunchScreen.storyboard; sourceTree = "<group>"; };
		204EABE52A4C6C47003EBA36 /* Info.plist */ = {isa = PBXFileReference; lastKnownFileType = text.plist.xml; path = Info.plist; sourceTree = "<group>"; };
		204EABEA2A4C6C47003EBA36 /* IOSPlaygroundTests.xctest */ = {isa = PBXFileReference; explicitFileType = wrapper.cfbundle; includeInIndex = 0; path = IOSPlaygroundTests.xctest; sourceTree = BUILT_PRODUCTS_DIR; };
		204EABEE2A4C6C47003EBA36 /* IOSPlaygroundTests.swift */ = {isa = PBXFileReference; lastKnownFileType = sourcecode.swift; path = IOSPlaygroundTests.swift; sourceTree = "<group>"; };
		204EABF42A4C6C47003EBA36 /* IOSPlaygroundUITests.xctest */ = {isa = PBXFileReference; explicitFileType = wrapper.cfbundle; includeInIndex = 0; path = IOSPlaygroundUITests.xctest; sourceTree = BUILT_PRODUCTS_DIR; };
		204EABF82A4C6C47003EBA36 /* IOSPlaygroundUITests.swift */ = {isa = PBXFileReference; lastKnownFileType = sourcecode.swift; path = IOSPlaygroundUITests.swift; sourceTree = "<group>"; };
		204EABFA2A4C6C47003EBA36 /* IOSPlaygroundUITestsLaunchTests.swift */ = {isa = PBXFileReference; lastKnownFileType = sourcecode.swift; path = IOSPlaygroundUITestsLaunchTests.swift; sourceTree = "<group>"; };
		204EAC0A2A4CF8BE003EBA36 /* NotificationCenterTester.swift */ = {isa = PBXFileReference; lastKnownFileType = sourcecode.swift; path = NotificationCenterTester.swift; sourceTree = "<group>"; };
		205918A42D8D0AFA007EC2FB /* DemoListView.swift */ = {isa = PBXFileReference; lastKnownFileType = sourcecode.swift; path = DemoListView.swift; sourceTree = "<group>"; };
		205B08D92D7DE179002390E2 /* UICVCLGroupContentInsetsPlayground.swift */ = {isa = PBXFileReference; lastKnownFileType = sourcecode.swift; path = UICVCLGroupContentInsetsPlayground.swift; sourceTree = "<group>"; };
		205B08DA2D7DE179002390E2 /* UICVCLGroupEdgeSpacingPlayground.swift */ = {isa = PBXFileReference; lastKnownFileType = sourcecode.swift; path = UICVCLGroupEdgeSpacingPlayground.swift; sourceTree = "<group>"; };
		205B08DB2D7DE179002390E2 /* UICVCLGroupInterItemSpacingPlayground.swift */ = {isa = PBXFileReference; lastKnownFileType = sourcecode.swift; path = UICVCLGroupInterItemSpacingPlayground.swift; sourceTree = "<group>"; };
		205B08DC2D7DE179002390E2 /* UICVCLGroupNestPlayground.swift */ = {isa = PBXFileReference; lastKnownFileType = sourcecode.swift; path = UICVCLGroupNestPlayground.swift; sourceTree = "<group>"; };
		205B08DD2D7DE179002390E2 /* UICVCLGroupSubItemsPlayground.swift */ = {isa = PBXFileReference; lastKnownFileType = sourcecode.swift; path = UICVCLGroupSubItemsPlayground.swift; sourceTree = "<group>"; };
		205B08DE2D7DE179002390E2 /* UICVCLItemContentInsetsPlayground.swift */ = {isa = PBXFileReference; lastKnownFileType = sourcecode.swift; path = UICVCLItemContentInsetsPlayground.swift; sourceTree = "<group>"; };
		205B08DF2D7DE179002390E2 /* UICVCLItemEdgeSpacingPlayground.swift */ = {isa = PBXFileReference; lastKnownFileType = sourcecode.swift; path = UICVCLItemEdgeSpacingPlayground.swift; sourceTree = "<group>"; };
		205B08E02D7DE179002390E2 /* UICVCLItemLayoutSizePlayground.swift */ = {isa = PBXFileReference; lastKnownFileType = sourcecode.swift; path = UICVCLItemLayoutSizePlayground.swift; sourceTree = "<group>"; };
		205B08E12D7DE179002390E2 /* UICVCLItemSupplementaryItemsPlayground.swift */ = {isa = PBXFileReference; lastKnownFileType = sourcecode.swift; path = UICVCLItemSupplementaryItemsPlayground.swift; sourceTree = "<group>"; };
		205B08E22D7DE179002390E2 /* UICVCLPlayground.swift */ = {isa = PBXFileReference; lastKnownFileType = sourcecode.swift; path = UICVCLPlayground.swift; sourceTree = "<group>"; };
		205B08E32D7DE179002390E2 /* UICVCLSectionBoundarySupplementaryItemsPlayground.swift */ = {isa = PBXFileReference; lastKnownFileType = sourcecode.swift; path = UICVCLSectionBoundarySupplementaryItemsPlayground.swift; sourceTree = "<group>"; };
		205B08E42D7DE179002390E2 /* UICVCLSectionDecorationItemsPlayground.swift */ = {isa = PBXFileReference; lastKnownFileType = sourcecode.swift; path = UICVCLSectionDecorationItemsPlayground.swift; sourceTree = "<group>"; };
		205B08E52D7DE179002390E2 /* UICVCLSectionOrthogonalScrollingBehaviorPlayground.swift */ = {isa = PBXFileReference; lastKnownFileType = sourcecode.swift; path = UICVCLSectionOrthogonalScrollingBehaviorPlayground.swift; sourceTree = "<group>"; };
		205B08E62D7DE179002390E2 /* UICVCLSectionPinnedBoundarySupplementaryItemsPlayground.swift */ = {isa = PBXFileReference; lastKnownFileType = sourcecode.swift; path = UICVCLSectionPinnedBoundarySupplementaryItemsPlayground.swift; sourceTree = "<group>"; };
		205B08E72D7DE179002390E2 /* UICVCLSectionVisibleItemsInvalidationHandlerPlayground.swift */ = {isa = PBXFileReference; lastKnownFileType = sourcecode.swift; path = UICVCLSectionVisibleItemsInvalidationHandlerPlayground.swift; sourceTree = "<group>"; };
		205B08E82D7DE179002390E2 /* UICVCLWaterfallPlayground.swift */ = {isa = PBXFileReference; lastKnownFileType = sourcecode.swift; path = UICVCLWaterfallPlayground.swift; sourceTree = "<group>"; };
		205B08EA2D7DE179002390E2 /* UICollectionViewCellPlayground.swift */ = {isa = PBXFileReference; lastKnownFileType = sourcecode.swift; path = UICollectionViewCellPlayground.swift; sourceTree = "<group>"; };
		205B08EB2D7DE179002390E2 /* UICollectionViewCellRegistrationPlayground.swift */ = {isa = PBXFileReference; lastKnownFileType = sourcecode.swift; path = UICollectionViewCellRegistrationPlayground.swift; sourceTree = "<group>"; };
		205B08EC2D7DE179002390E2 /* UICollectionViewCompositionalLayoutPlayground.swift */ = {isa = PBXFileReference; lastKnownFileType = sourcecode.swift; path = UICollectionViewCompositionalLayoutPlayground.swift; sourceTree = "<group>"; };
		205B08ED2D7DE179002390E2 /* UICollectionViewCompositionalLayoutWaterfallPlayground.swift */ = {isa = PBXFileReference; lastKnownFileType = sourcecode.swift; path = UICollectionViewCompositionalLayoutWaterfallPlayground.swift; sourceTree = "<group>"; };
		205B08EE2D7DE179002390E2 /* UICollectionViewControllerPlayground.swift */ = {isa = PBXFileReference; lastKnownFileType = sourcecode.swift; path = UICollectionViewControllerPlayground.swift; sourceTree = "<group>"; };
		205B08EF2D7DE179002390E2 /* UICollectionViewDataSourcePlayground.swift */ = {isa = PBXFileReference; lastKnownFileType = sourcecode.swift; path = UICollectionViewDataSourcePlayground.swift; sourceTree = "<group>"; };
		205B08F02D7DE179002390E2 /* UICollectionViewDataSourcePrefetchingPlayground.swift */ = {isa = PBXFileReference; lastKnownFileType = sourcecode.swift; path = UICollectionViewDataSourcePrefetchingPlayground.swift; sourceTree = "<group>"; };
		205B08F12D7DE179002390E2 /* UICollectionViewDelegateFlowLayoutPlayground.swift */ = {isa = PBXFileReference; lastKnownFileType = sourcecode.swift; path = UICollectionViewDelegateFlowLayoutPlayground.swift; sourceTree = "<group>"; };
		205B08F22D7DE179002390E2 /* UICollectionViewDelegatePlayground.swift */ = {isa = PBXFileReference; lastKnownFileType = sourcecode.swift; path = UICollectionViewDelegatePlayground.swift; sourceTree = "<group>"; };
		205B08F32D7DE179002390E2 /* UICollectionViewDiffableDataSourcePlayground.swift */ = {isa = PBXFileReference; lastKnownFileType = sourcecode.swift; path = UICollectionViewDiffableDataSourcePlayground.swift; sourceTree = "<group>"; };
		205B08F42D7DE179002390E2 /* UICollectionViewDragPlayground.swift */ = {isa = PBXFileReference; lastKnownFileType = sourcecode.swift; path = UICollectionViewDragPlayground.swift; sourceTree = "<group>"; };
		205B08F52D7DE179002390E2 /* UICollectionViewFlowLayoutPlayground.swift */ = {isa = PBXFileReference; lastKnownFileType = sourcecode.swift; path = UICollectionViewFlowLayoutPlayground.swift; sourceTree = "<group>"; };
		205B08F62D7DE179002390E2 /* UICollectionViewNestingPlayground.swift */ = {isa = PBXFileReference; lastKnownFileType = sourcecode.swift; path = UICollectionViewNestingPlayground.swift; sourceTree = "<group>"; };
		205B08F72D7DE179002390E2 /* UICollectionViewPlayground.swift */ = {isa = PBXFileReference; lastKnownFileType = sourcecode.swift; path = UICollectionViewPlayground.swift; sourceTree = "<group>"; };
		205B08F82D7DE179002390E2 /* UICollectionViewSupplementaryRegistrationPlayground.swift */ = {isa = PBXFileReference; lastKnownFileType = sourcecode.swift; path = UICollectionViewSupplementaryRegistrationPlayground.swift; sourceTree = "<group>"; };
		205B08F92D7DE179002390E2 /* UICollectionViewWaterfallLayoutPlayground.swift */ = {isa = PBXFileReference; lastKnownFileType = sourcecode.swift; path = UICollectionViewWaterfallLayoutPlayground.swift; sourceTree = "<group>"; };
		205B08FB2D7DE179002390E2 /* README.md */ = {isa = PBXFileReference; lastKnownFileType = net.daringfireball.markdown; path = README.md; sourceTree = "<group>"; };
		205B08FC2D7DE179002390E2 /* UIFlowListView.swift */ = {isa = PBXFileReference; lastKnownFileType = sourcecode.swift; path = UIFlowListView.swift; sourceTree = "<group>"; };
		205B08FE2D7DE179002390E2 /* FlexLayoutPlayground.swift */ = {isa = PBXFileReference; lastKnownFileType = sourcecode.swift; path = FlexLayoutPlayground.swift; sourceTree = "<group>"; };
		205B08FF2D7DE179002390E2 /* NSLayoutConstraintPlayground.swift */ = {isa = PBXFileReference; lastKnownFileType = sourcecode.swift; path = NSLayoutConstraintPlayground.swift; sourceTree = "<group>"; };
		205B09002D7DE179002390E2 /* UIColorPlayground.swift */ = {isa = PBXFileReference; lastKnownFileType = sourcecode.swift; path = UIColorPlayground.swift; sourceTree = "<group>"; };
		205B09012D7DE179002390E2 /* UIImagePlayground.swift */ = {isa = PBXFileReference; lastKnownFileType = sourcecode.swift; path = UIImagePlayground.swift; sourceTree = "<group>"; };
		205B09022D7DE179002390E2 /* UILabelPlayground.swift */ = {isa = PBXFileReference; lastKnownFileType = sourcecode.swift; path = UILabelPlayground.swift; sourceTree = "<group>"; };
		205B09032D7DE179002390E2 /* UIStackViewPlayground.swift */ = {isa = PBXFileReference; lastKnownFileType = sourcecode.swift; path = UIStackViewPlayground.swift; sourceTree = "<group>"; };
		205B09042D7DE179002390E2 /* UIViewPlayground.swift */ = {isa = PBXFileReference; lastKnownFileType = sourcecode.swift; path = UIViewPlayground.swift; sourceTree = "<group>"; };
		205B092F2D7DE17C002390E2 /* UIPageViewControllerPlayground.swift */ = {isa = PBXFileReference; lastKnownFileType = sourcecode.swift; path = UIPageViewControllerPlayground.swift; sourceTree = "<group>"; };
		205B09322D7DE17F002390E2 /* ImageViewer.swift */ = {isa = PBXFileReference; lastKnownFileType = sourcecode.swift; path = ImageViewer.swift; sourceTree = "<group>"; };
		205B09332D7DE17F002390E2 /* ImageViewerPlayground.swift */ = {isa = PBXFileReference; lastKnownFileType = sourcecode.swift; path = ImageViewerPlayground.swift; sourceTree = "<group>"; };
		205B09382D7DE17F002390E2 /* ReactivePlayground.swift */ = {isa = PBXFileReference; lastKnownFileType = sourcecode.swift; path = ReactivePlayground.swift; sourceTree = "<group>"; };
		205B093B2D7DE17F002390E2 /* ListViewController.swift */ = {isa = PBXFileReference; lastKnownFileType = sourcecode.swift; path = ListViewController.swift; sourceTree = "<group>"; };
		205B093E2D7DE17F002390E2 /* PublisherPlayground.swift */ = {isa = PBXFileReference; lastKnownFileType = sourcecode.swift; path = PublisherPlayground.swift; sourceTree = "<group>"; };
		205B09432D7DE183002390E2 /* BackgroundPlayground.swift */ = {isa = PBXFileReference; lastKnownFileType = sourcecode.swift; path = BackgroundPlayground.swift; sourceTree = "<group>"; };
		205B09442D7DE183002390E2 /* BorderPlayground.swift */ = {isa = PBXFileReference; lastKnownFileType = sourcecode.swift; path = BorderPlayground.swift; sourceTree = "<group>"; };
		205B09452D7DE183002390E2 /* CorderRadiusPlayground.swift */ = {isa = PBXFileReference; lastKnownFileType = sourcecode.swift; path = CorderRadiusPlayground.swift; sourceTree = "<group>"; };
		205B09462D7DE183002390E2 /* FramePlayground.swift */ = {isa = PBXFileReference; lastKnownFileType = sourcecode.swift; path = FramePlayground.swift; sourceTree = "<group>"; };
		205B09472D7DE183002390E2 /* MarginPlayground.swift */ = {isa = PBXFileReference; lastKnownFileType = sourcecode.swift; path = MarginPlayground.swift; sourceTree = "<group>"; };
		205B09482D7DE183002390E2 /* OpacityPlayground.swift */ = {isa = PBXFileReference; lastKnownFileType = sourcecode.swift; path = OpacityPlayground.swift; sourceTree = "<group>"; };
		205B09492D7DE183002390E2 /* ShadowPlayGround.swift */ = {isa = PBXFileReference; lastKnownFileType = sourcecode.swift; path = ShadowPlayGround.swift; sourceTree = "<group>"; };
		205B094A2D7DE183002390E2 /* TextPlayground.swift */ = {isa = PBXFileReference; lastKnownFileType = sourcecode.swift; path = TextPlayground.swift; sourceTree = "<group>"; };
		205B094B2D7DE183002390E2 /* TransformPlayground.swift */ = {isa = PBXFileReference; lastKnownFileType = sourcecode.swift; path = TransformPlayground.swift; sourceTree = "<group>"; };
		205B094C2D7DE183002390E2 /* VisiblePlayground.swift */ = {isa = PBXFileReference; lastKnownFileType = sourcecode.swift; path = VisiblePlayground.swift; sourceTree = "<group>"; };
		205B09582D7DE190002390E2 /* UIPanGestureRecognizerPlayground.swift */ = {isa = PBXFileReference; lastKnownFileType = sourcecode.swift; path = UIPanGestureRecognizerPlayground.swift; sourceTree = "<group>"; };
		207F22152D8C413D00F3BC5C /* CALayerPlayground.swift */ = {isa = PBXFileReference; lastKnownFileType = sourcecode.swift; path = CALayerPlayground.swift; sourceTree = "<group>"; };
		207F22172D8C44E700F3BC5C /* CATextLayerPlayground.swift */ = {isa = PBXFileReference; lastKnownFileType = sourcecode.swift; path = CATextLayerPlayground.swift; sourceTree = "<group>"; };
		20AF50FB2A6A7BFC00E498FC /* UITapGestureRecognizerPlayground.swift */ = {isa = PBXFileReference; lastKnownFileType = sourcecode.swift; path = UITapGestureRecognizerPlayground.swift; sourceTree = "<group>"; };
		20AF50FD2A6A9B3200E498FC /* UILongPressGestureRecognizerPlayground.swift */ = {isa = PBXFileReference; fileEncoding = 4; lastKnownFileType = sourcecode.swift; path = UILongPressGestureRecognizerPlayground.swift; sourceTree = "<group>"; };
		3BB732AC7FF11F5EA96F1861 /* Pods-IOSPlaygroundTests.debug.xcconfig */ = {isa = PBXFileReference; includeInIndex = 1; lastKnownFileType = text.xcconfig; name = "Pods-IOSPlaygroundTests.debug.xcconfig"; path = "Target Support Files/Pods-IOSPlaygroundTests/Pods-IOSPlaygroundTests.debug.xcconfig"; sourceTree = "<group>"; };
		5BFF1D2F1FD52BCC97F9CEA2 /* Pods-IOSPlayground.debug.xcconfig */ = {isa = PBXFileReference; includeInIndex = 1; lastKnownFileType = text.xcconfig; name = "Pods-IOSPlayground.debug.xcconfig"; path = "Target Support Files/Pods-IOSPlayground/Pods-IOSPlayground.debug.xcconfig"; sourceTree = "<group>"; };
		5F6F25EFD902F47F430D8C1C /* Pods_IOSPlayground.framework */ = {isa = PBXFileReference; explicitFileType = wrapper.framework; includeInIndex = 0; path = Pods_IOSPlayground.framework; sourceTree = BUILT_PRODUCTS_DIR; };
		78F512D17AF5AAE8E62109F1 /* Pods-IOSPlayground-IOSPlaygroundUITests.debug.xcconfig */ = {isa = PBXFileReference; includeInIndex = 1; lastKnownFileType = text.xcconfig; name = "Pods-IOSPlayground-IOSPlaygroundUITests.debug.xcconfig"; path = "Target Support Files/Pods-IOSPlayground-IOSPlaygroundUITests/Pods-IOSPlayground-IOSPlaygroundUITests.debug.xcconfig"; sourceTree = "<group>"; };
		BC4CAE2EDC3204531C74AD2E /* Pods-IOSPlayground.release.xcconfig */ = {isa = PBXFileReference; includeInIndex = 1; lastKnownFileType = text.xcconfig; name = "Pods-IOSPlayground.release.xcconfig"; path = "Target Support Files/Pods-IOSPlayground/Pods-IOSPlayground.release.xcconfig"; sourceTree = "<group>"; };
		DC4B618C3B3C327F31C6CE85 /* Pods_IOSPlayground_IOSPlaygroundUITests.framework */ = {isa = PBXFileReference; explicitFileType = wrapper.framework; includeInIndex = 0; path = Pods_IOSPlayground_IOSPlaygroundUITests.framework; sourceTree = BUILT_PRODUCTS_DIR; };
		F06952E58DDE7049915C41B2 /* Pods-IOSPlaygroundTests.release.xcconfig */ = {isa = PBXFileReference; includeInIndex = 1; lastKnownFileType = text.xcconfig; name = "Pods-IOSPlaygroundTests.release.xcconfig"; path = "Target Support Files/Pods-IOSPlaygroundTests/Pods-IOSPlaygroundTests.release.xcconfig"; sourceTree = "<group>"; };
		F9816594EFD26BFC93B76F0E /* Pods_IOSPlaygroundTests.framework */ = {isa = PBXFileReference; explicitFileType = wrapper.framework; includeInIndex = 0; path = Pods_IOSPlaygroundTests.framework; sourceTree = BUILT_PRODUCTS_DIR; };
/* End PBXFileReference section */

/* Begin PBXFrameworksBuildPhase section */
		204EABD12A4C6C46003EBA36 /* Frameworks */ = {
			isa = PBXFrameworksBuildPhase;
			buildActionMask = 2147483647;
			files = (
				5AA2C8E89A029B26F0A3B651 /* Pods_IOSPlayground.framework in Frameworks */,
			);
			runOnlyForDeploymentPostprocessing = 0;
		};
		204EABE72A4C6C47003EBA36 /* Frameworks */ = {
			isa = PBXFrameworksBuildPhase;
			buildActionMask = 2147483647;
			files = (
				2FE0FBE9546E0D3DBACFB0CE /* Pods_IOSPlaygroundTests.framework in Frameworks */,
			);
			runOnlyForDeploymentPostprocessing = 0;
		};
		204EABF12A4C6C47003EBA36 /* Frameworks */ = {
			isa = PBXFrameworksBuildPhase;
			buildActionMask = 2147483647;
			files = (
				55FFCC949981EBD22BB148CE /* Pods_IOSPlayground_IOSPlaygroundUITests.framework in Frameworks */,
			);
			runOnlyForDeploymentPostprocessing = 0;
		};
/* End PBXFrameworksBuildPhase section */

/* Begin PBXGroup section */
		204EABCB2A4C6C46003EBA36 = {
			isa = PBXGroup;
			children = (
				204EABD62A4C6C46003EBA36 /* IOSPlayground */,
				204EABED2A4C6C47003EBA36 /* IOSPlaygroundTests */,
				204EABF72A4C6C47003EBA36 /* IOSPlaygroundUITests */,
				204EABD52A4C6C46003EBA36 /* Products */,
				DC924669A57DD03AAB353041 /* Pods */,
				95FAB6342A7A8D4F1324B44F /* Frameworks */,
			);
			sourceTree = "<group>";
		};
		204EABD52A4C6C46003EBA36 /* Products */ = {
			isa = PBXGroup;
			children = (
				204EABD42A4C6C46003EBA36 /* IOSPlayground.app */,
				204EABEA2A4C6C47003EBA36 /* IOSPlaygroundTests.xctest */,
				204EABF42A4C6C47003EBA36 /* IOSPlaygroundUITests.xctest */,
			);
			name = Products;
			sourceTree = "<group>";
		};
		204EABD62A4C6C46003EBA36 /* IOSPlayground */ = {
			isa = PBXGroup;
			children = (
				205B09392D7DE17F002390E2 /* Temp */,
				205B09412D7DE17F002390E2 /* Syntax */,
				205B093C2D7DE17F002390E2 /* Common */,
				205B09352D7DE17F002390E2 /* Demo */,
				204EAC0C2A4CFD81003EBA36 /* UIKit */,
				204EAC072A4C6DDF003EBA36 /* Foundation */,
				204EABD72A4C6C46003EBA36 /* AppDelegate.swift */,
				205918A42D8D0AFA007EC2FB /* DemoListView.swift */,
				204EABD92A4C6C46003EBA36 /* SceneDelegate.swift */,
				204EABDB2A4C6C46003EBA36 /* ViewController.swift */,
				204EABE02A4C6C47003EBA36 /* Assets.xcassets */,
				204EABE22A4C6C47003EBA36 /* LaunchScreen.storyboard */,
				204EABE52A4C6C47003EBA36 /* Info.plist */,
			);
			path = IOSPlayground;
			sourceTree = "<group>";
		};
		204EABED2A4C6C47003EBA36 /* IOSPlaygroundTests */ = {
			isa = PBXGroup;
			children = (
				204EABEE2A4C6C47003EBA36 /* IOSPlaygroundTests.swift */,
			);
			path = IOSPlaygroundTests;
			sourceTree = "<group>";
		};
		204EABF72A4C6C47003EBA36 /* IOSPlaygroundUITests */ = {
			isa = PBXGroup;
			children = (
				204EABF82A4C6C47003EBA36 /* IOSPlaygroundUITests.swift */,
				204EABFA2A4C6C47003EBA36 /* IOSPlaygroundUITestsLaunchTests.swift */,
			);
			path = IOSPlaygroundUITests;
			sourceTree = "<group>";
		};
		204EAC072A4C6DDF003EBA36 /* Foundation */ = {
			isa = PBXGroup;
			children = (
				204EAC0A2A4CF8BE003EBA36 /* NotificationCenterTester.swift */,
			);
			path = Foundation;
			sourceTree = "<group>";
		};
		204EAC0C2A4CFD81003EBA36 /* UIKit */ = {
			isa = PBXGroup;
			children = (
				207F22132D8C412F00F3BC5C /* Layer */,
				205B09302D7DE17C002390E2 /* Controller */,
				205B094D2D7DE183002390E2 /* Style */,
				205B09052D7DE179002390E2 /* View */,
				20AF50FA2A6A7BE300E498FC /* Event */,
			);
			path = UIKit;
			sourceTree = "<group>";
		};
		205B08E92D7DE179002390E2 /* UICollectionViewCompositionalLayout */ = {
			isa = PBXGroup;
			children = (
				205B08D92D7DE179002390E2 /* UICVCLGroupContentInsetsPlayground.swift */,
				205B08DA2D7DE179002390E2 /* UICVCLGroupEdgeSpacingPlayground.swift */,
				205B08DB2D7DE179002390E2 /* UICVCLGroupInterItemSpacingPlayground.swift */,
				205B08DC2D7DE179002390E2 /* UICVCLGroupNestPlayground.swift */,
				205B08DD2D7DE179002390E2 /* UICVCLGroupSubItemsPlayground.swift */,
				205B08DE2D7DE179002390E2 /* UICVCLItemContentInsetsPlayground.swift */,
				205B08DF2D7DE179002390E2 /* UICVCLItemEdgeSpacingPlayground.swift */,
				205B08E02D7DE179002390E2 /* UICVCLItemLayoutSizePlayground.swift */,
				205B08E12D7DE179002390E2 /* UICVCLItemSupplementaryItemsPlayground.swift */,
				205B08E22D7DE179002390E2 /* UICVCLPlayground.swift */,
				205B08E32D7DE179002390E2 /* UICVCLSectionBoundarySupplementaryItemsPlayground.swift */,
				205B08E42D7DE179002390E2 /* UICVCLSectionDecorationItemsPlayground.swift */,
				205B08E52D7DE179002390E2 /* UICVCLSectionOrthogonalScrollingBehaviorPlayground.swift */,
				205B08E62D7DE179002390E2 /* UICVCLSectionPinnedBoundarySupplementaryItemsPlayground.swift */,
				205B08E72D7DE179002390E2 /* UICVCLSectionVisibleItemsInvalidationHandlerPlayground.swift */,
				205B08E82D7DE179002390E2 /* UICVCLWaterfallPlayground.swift */,
			);
			path = UICollectionViewCompositionalLayout;
			sourceTree = "<group>";
		};
		205B08FA2D7DE179002390E2 /* UICollectionView */ = {
			isa = PBXGroup;
			children = (
				205B08E92D7DE179002390E2 /* UICollectionViewCompositionalLayout */,
				205B08EA2D7DE179002390E2 /* UICollectionViewCellPlayground.swift */,
				205B08EB2D7DE179002390E2 /* UICollectionViewCellRegistrationPlayground.swift */,
				205B08EC2D7DE179002390E2 /* UICollectionViewCompositionalLayoutPlayground.swift */,
				205B08ED2D7DE179002390E2 /* UICollectionViewCompositionalLayoutWaterfallPlayground.swift */,
				205B08EE2D7DE179002390E2 /* UICollectionViewControllerPlayground.swift */,
				205B08EF2D7DE179002390E2 /* UICollectionViewDataSourcePlayground.swift */,
				205B08F02D7DE179002390E2 /* UICollectionViewDataSourcePrefetchingPlayground.swift */,
				205B08F12D7DE179002390E2 /* UICollectionViewDelegateFlowLayoutPlayground.swift */,
				205B08F22D7DE179002390E2 /* UICollectionViewDelegatePlayground.swift */,
				205B08F32D7DE179002390E2 /* UICollectionViewDiffableDataSourcePlayground.swift */,
				205B08F42D7DE179002390E2 /* UICollectionViewDragPlayground.swift */,
				205B08F52D7DE179002390E2 /* UICollectionViewFlowLayoutPlayground.swift */,
				205B08F62D7DE179002390E2 /* UICollectionViewNestingPlayground.swift */,
				205B08F72D7DE179002390E2 /* UICollectionViewPlayground.swift */,
				205B08F82D7DE179002390E2 /* UICollectionViewSupplementaryRegistrationPlayground.swift */,
				205B08F92D7DE179002390E2 /* UICollectionViewWaterfallLayoutPlayground.swift */,
			);
			path = UICollectionView;
			sourceTree = "<group>";
		};
		205B08FD2D7DE179002390E2 /* UIListView */ = {
			isa = PBXGroup;
			children = (
				205B08FB2D7DE179002390E2 /* README.md */,
				205B08FC2D7DE179002390E2 /* UIFlowListView.swift */,
			);
			path = UIListView;
			sourceTree = "<group>";
		};
		205B09052D7DE179002390E2 /* View */ = {
			isa = PBXGroup;
			children = (
				205B08FA2D7DE179002390E2 /* UICollectionView */,
				205B08FD2D7DE179002390E2 /* UIListView */,
				205B08FE2D7DE179002390E2 /* FlexLayoutPlayground.swift */,
				205B08FF2D7DE179002390E2 /* NSLayoutConstraintPlayground.swift */,
				205B09002D7DE179002390E2 /* UIColorPlayground.swift */,
				205B09012D7DE179002390E2 /* UIImagePlayground.swift */,
				205B09022D7DE179002390E2 /* UILabelPlayground.swift */,
				205B09032D7DE179002390E2 /* UIStackViewPlayground.swift */,
				205B09042D7DE179002390E2 /* UIViewPlayground.swift */,
			);
			path = View;
			sourceTree = "<group>";
		};
		205B09302D7DE17C002390E2 /* Controller */ = {
			isa = PBXGroup;
			children = (
				205B092F2D7DE17C002390E2 /* UIPageViewControllerPlayground.swift */,
			);
			path = Controller;
			sourceTree = "<group>";
		};
		205B09342D7DE17F002390E2 /* ImageViewer */ = {
			isa = PBXGroup;
			children = (
				205B09322D7DE17F002390E2 /* ImageViewer.swift */,
				205B09332D7DE17F002390E2 /* ImageViewerPlayground.swift */,
			);
			path = ImageViewer;
			sourceTree = "<group>";
		};
		205B09352D7DE17F002390E2 /* Demo */ = {
			isa = PBXGroup;
			children = (
				205B09342D7DE17F002390E2 /* ImageViewer */,
			);
			path = Demo;
			sourceTree = "<group>";
		};
		205B09392D7DE17F002390E2 /* Temp */ = {
			isa = PBXGroup;
			children = (
				205B09382D7DE17F002390E2 /* ReactivePlayground.swift */,
			);
			path = Temp;
			sourceTree = "<group>";
		};
		205B093C2D7DE17F002390E2 /* Common */ = {
			isa = PBXGroup;
			children = (
				205B093B2D7DE17F002390E2 /* ListViewController.swift */,
			);
			path = Common;
			sourceTree = "<group>";
		};
		205B093F2D7DE17F002390E2 /* Combine */ = {
			isa = PBXGroup;
			children = (
				205B093E2D7DE17F002390E2 /* PublisherPlayground.swift */,
			);
			path = Combine;
			sourceTree = "<group>";
		};
		205B09402D7DE17F002390E2 /* STDLib */ = {
			isa = PBXGroup;
			children = (
				205B093F2D7DE17F002390E2 /* Combine */,
			);
			path = STDLib;
			sourceTree = "<group>";
		};
		205B09412D7DE17F002390E2 /* Syntax */ = {
			isa = PBXGroup;
			children = (
				205B09402D7DE17F002390E2 /* STDLib */,
			);
			path = Syntax;
			sourceTree = "<group>";
		};
		205B094D2D7DE183002390E2 /* Style */ = {
			isa = PBXGroup;
			children = (
				205B09432D7DE183002390E2 /* BackgroundPlayground.swift */,
				205B09442D7DE183002390E2 /* BorderPlayground.swift */,
				205B09452D7DE183002390E2 /* CorderRadiusPlayground.swift */,
				205B09462D7DE183002390E2 /* FramePlayground.swift */,
				205B09472D7DE183002390E2 /* MarginPlayground.swift */,
				205B09482D7DE183002390E2 /* OpacityPlayground.swift */,
				205B09492D7DE183002390E2 /* ShadowPlayGround.swift */,
				205B094A2D7DE183002390E2 /* TextPlayground.swift */,
				205B094B2D7DE183002390E2 /* TransformPlayground.swift */,
				205B094C2D7DE183002390E2 /* VisiblePlayground.swift */,
			);
			path = Style;
			sourceTree = "<group>";
		};
		207F22132D8C412F00F3BC5C /* Layer */ = {
			isa = PBXGroup;
			children = (
				207F22172D8C44E700F3BC5C /* CATextLayerPlayground.swift */,
				207F22152D8C413D00F3BC5C /* CALayerPlayground.swift */,
			);
			path = Layer;
			sourceTree = "<group>";
		};
		20AF50FA2A6A7BE300E498FC /* Event */ = {
			isa = PBXGroup;
			children = (
				205B09582D7DE190002390E2 /* UIPanGestureRecognizerPlayground.swift */,
				20AF50FB2A6A7BFC00E498FC /* UITapGestureRecognizerPlayground.swift */,
				20AF50FD2A6A9B3200E498FC /* UILongPressGestureRecognizerPlayground.swift */,
			);
			path = Event;
			sourceTree = "<group>";
		};
		95FAB6342A7A8D4F1324B44F /* Frameworks */ = {
			isa = PBXGroup;
			children = (
				5F6F25EFD902F47F430D8C1C /* Pods_IOSPlayground.framework */,
				DC4B618C3B3C327F31C6CE85 /* Pods_IOSPlayground_IOSPlaygroundUITests.framework */,
				F9816594EFD26BFC93B76F0E /* Pods_IOSPlaygroundTests.framework */,
			);
			name = Frameworks;
			sourceTree = "<group>";
		};
		DC924669A57DD03AAB353041 /* Pods */ = {
			isa = PBXGroup;
			children = (
				5BFF1D2F1FD52BCC97F9CEA2 /* Pods-IOSPlayground.debug.xcconfig */,
				BC4CAE2EDC3204531C74AD2E /* Pods-IOSPlayground.release.xcconfig */,
				78F512D17AF5AAE8E62109F1 /* Pods-IOSPlayground-IOSPlaygroundUITests.debug.xcconfig */,
				153B522A3B49AC0019A554EE /* Pods-IOSPlayground-IOSPlaygroundUITests.release.xcconfig */,
				3BB732AC7FF11F5EA96F1861 /* Pods-IOSPlaygroundTests.debug.xcconfig */,
				F06952E58DDE7049915C41B2 /* Pods-IOSPlaygroundTests.release.xcconfig */,
			);
			path = Pods;
			sourceTree = "<group>";
		};
/* End PBXGroup section */

/* Begin PBXNativeTarget section */
		204EABD32A4C6C46003EBA36 /* IOSPlayground */ = {
			isa = PBXNativeTarget;
			buildConfigurationList = 204EABFE2A4C6C47003EBA36 /* Build configuration list for PBXNativeTarget "IOSPlayground" */;
			buildPhases = (
				E09E2E1FD31C3E31D87B5963 /* [CP] Check Pods Manifest.lock */,
				204EABD02A4C6C46003EBA36 /* Sources */,
				204EABD12A4C6C46003EBA36 /* Frameworks */,
				204EABD22A4C6C46003EBA36 /* Resources */,
				1B7D5B46CCE1A54DC516C667 /* [CP] Embed Pods Frameworks */,
			);
			buildRules = (
			);
			dependencies = (
			);
			name = IOSPlayground;
			productName = IOSPlayground;
			productReference = 204EABD42A4C6C46003EBA36 /* IOSPlayground.app */;
			productType = "com.apple.product-type.application";
		};
		204EABE92A4C6C47003EBA36 /* IOSPlaygroundTests */ = {
			isa = PBXNativeTarget;
			buildConfigurationList = 204EAC012A4C6C47003EBA36 /* Build configuration list for PBXNativeTarget "IOSPlaygroundTests" */;
			buildPhases = (
				5EFE4E8E714B4A81C8B74DF6 /* [CP] Check Pods Manifest.lock */,
				204EABE62A4C6C47003EBA36 /* Sources */,
				204EABE72A4C6C47003EBA36 /* Frameworks */,
				204EABE82A4C6C47003EBA36 /* Resources */,
			);
			buildRules = (
			);
			dependencies = (
				204EABEC2A4C6C47003EBA36 /* PBXTargetDependency */,
			);
			name = IOSPlaygroundTests;
			productName = IOSPlaygroundTests;
			productReference = 204EABEA2A4C6C47003EBA36 /* IOSPlaygroundTests.xctest */;
			productType = "com.apple.product-type.bundle.unit-test";
		};
		204EABF32A4C6C47003EBA36 /* IOSPlaygroundUITests */ = {
			isa = PBXNativeTarget;
			buildConfigurationList = 204EAC042A4C6C47003EBA36 /* Build configuration list for PBXNativeTarget "IOSPlaygroundUITests" */;
			buildPhases = (
				C63B1D032B6AC338349A4EB3 /* [CP] Check Pods Manifest.lock */,
				204EABF02A4C6C47003EBA36 /* Sources */,
				204EABF12A4C6C47003EBA36 /* Frameworks */,
				204EABF22A4C6C47003EBA36 /* Resources */,
				24A10C84DDD9943A2AD18D0B /* [CP] Embed Pods Frameworks */,
			);
			buildRules = (
			);
			dependencies = (
				204EABF62A4C6C47003EBA36 /* PBXTargetDependency */,
			);
			name = IOSPlaygroundUITests;
			productName = IOSPlaygroundUITests;
			productReference = 204EABF42A4C6C47003EBA36 /* IOSPlaygroundUITests.xctest */;
			productType = "com.apple.product-type.bundle.ui-testing";
		};
/* End PBXNativeTarget section */

/* Begin PBXProject section */
		204EABCC2A4C6C46003EBA36 /* Project object */ = {
			isa = PBXProject;
			attributes = {
				BuildIndependentTargetsInParallel = 1;
				LastSwiftUpdateCheck = 1430;
				LastUpgradeCheck = 1430;
				TargetAttributes = {
					204EABD32A4C6C46003EBA36 = {
						CreatedOnToolsVersion = 14.3.1;
					};
					204EABE92A4C6C47003EBA36 = {
						CreatedOnToolsVersion = 14.3.1;
						TestTargetID = 204EABD32A4C6C46003EBA36;
					};
					204EABF32A4C6C47003EBA36 = {
						CreatedOnToolsVersion = 14.3.1;
						TestTargetID = 204EABD32A4C6C46003EBA36;
					};
				};
			};
			buildConfigurationList = 204EABCF2A4C6C46003EBA36 /* Build configuration list for PBXProject "IOSPlayground" */;
			compatibilityVersion = "Xcode 14.0";
			developmentRegion = en;
			hasScannedForEncodings = 0;
			knownRegions = (
				en,
				Base,
			);
			mainGroup = 204EABCB2A4C6C46003EBA36;
			productRefGroup = 204EABD52A4C6C46003EBA36 /* Products */;
			projectDirPath = "";
			projectRoot = "";
			targets = (
				204EABD32A4C6C46003EBA36 /* IOSPlayground */,
				204EABE92A4C6C47003EBA36 /* IOSPlaygroundTests */,
				204EABF32A4C6C47003EBA36 /* IOSPlaygroundUITests */,
			);
		};
/* End PBXProject section */

/* Begin PBXResourcesBuildPhase section */
		204EABD22A4C6C46003EBA36 /* Resources */ = {
			isa = PBXResourcesBuildPhase;
			buildActionMask = 2147483647;
			files = (
				205B092E2D7DE179002390E2 /* README.md in Resources */,
				204EABE42A4C6C47003EBA36 /* LaunchScreen.storyboard in Resources */,
				204EABE12A4C6C47003EBA36 /* Assets.xcassets in Resources */,
			);
			runOnlyForDeploymentPostprocessing = 0;
		};
		204EABE82A4C6C47003EBA36 /* Resources */ = {
			isa = PBXResourcesBuildPhase;
			buildActionMask = 2147483647;
			files = (
			);
			runOnlyForDeploymentPostprocessing = 0;
		};
		204EABF22A4C6C47003EBA36 /* Resources */ = {
			isa = PBXResourcesBuildPhase;
			buildActionMask = 2147483647;
			files = (
			);
			runOnlyForDeploymentPostprocessing = 0;
		};
/* End PBXResourcesBuildPhase section */

/* Begin PBXShellScriptBuildPhase section */
		1B7D5B46CCE1A54DC516C667 /* [CP] Embed Pods Frameworks */ = {
			isa = PBXShellScriptBuildPhase;
			buildActionMask = 2147483647;
			files = (
			);
			inputFileListPaths = (
				"${PODS_ROOT}/Target Support Files/Pods-IOSPlayground/Pods-IOSPlayground-frameworks-${CONFIGURATION}-input-files.xcfilelist",
			);
			name = "[CP] Embed Pods Frameworks";
			outputFileListPaths = (
				"${PODS_ROOT}/Target Support Files/Pods-IOSPlayground/Pods-IOSPlayground-frameworks-${CONFIGURATION}-output-files.xcfilelist",
			);
			runOnlyForDeploymentPostprocessing = 0;
			shellPath = /bin/sh;
			shellScript = "\"${PODS_ROOT}/Target Support Files/Pods-IOSPlayground/Pods-IOSPlayground-frameworks.sh\"\n";
			showEnvVarsInLog = 0;
		};
		24A10C84DDD9943A2AD18D0B /* [CP] Embed Pods Frameworks */ = {
			isa = PBXShellScriptBuildPhase;
			buildActionMask = 2147483647;
			files = (
			);
			inputFileListPaths = (
				"${PODS_ROOT}/Target Support Files/Pods-IOSPlayground-IOSPlaygroundUITests/Pods-IOSPlayground-IOSPlaygroundUITests-frameworks-${CONFIGURATION}-input-files.xcfilelist",
			);
			name = "[CP] Embed Pods Frameworks";
			outputFileListPaths = (
				"${PODS_ROOT}/Target Support Files/Pods-IOSPlayground-IOSPlaygroundUITests/Pods-IOSPlayground-IOSPlaygroundUITests-frameworks-${CONFIGURATION}-output-files.xcfilelist",
			);
			runOnlyForDeploymentPostprocessing = 0;
			shellPath = /bin/sh;
			shellScript = "\"${PODS_ROOT}/Target Support Files/Pods-IOSPlayground-IOSPlaygroundUITests/Pods-IOSPlayground-IOSPlaygroundUITests-frameworks.sh\"\n";
			showEnvVarsInLog = 0;
		};
		5EFE4E8E714B4A81C8B74DF6 /* [CP] Check Pods Manifest.lock */ = {
			isa = PBXShellScriptBuildPhase;
			buildActionMask = 2147483647;
			files = (
			);
			inputFileListPaths = (
			);
			inputPaths = (
				"${PODS_PODFILE_DIR_PATH}/Podfile.lock",
				"${PODS_ROOT}/Manifest.lock",
			);
			name = "[CP] Check Pods Manifest.lock";
			outputFileListPaths = (
			);
			outputPaths = (
				"$(DERIVED_FILE_DIR)/Pods-IOSPlaygroundTests-checkManifestLockResult.txt",
			);
			runOnlyForDeploymentPostprocessing = 0;
			shellPath = /bin/sh;
			shellScript = "diff \"${PODS_PODFILE_DIR_PATH}/Podfile.lock\" \"${PODS_ROOT}/Manifest.lock\" > /dev/null\nif [ $? != 0 ] ; then\n    # print error to STDERR\n    echo \"error: The sandbox is not in sync with the Podfile.lock. Run 'pod install' or update your CocoaPods installation.\" >&2\n    exit 1\nfi\n# This output is used by Xcode 'outputs' to avoid re-running this script phase.\necho \"SUCCESS\" > \"${SCRIPT_OUTPUT_FILE_0}\"\n";
			showEnvVarsInLog = 0;
		};
		C63B1D032B6AC338349A4EB3 /* [CP] Check Pods Manifest.lock */ = {
			isa = PBXShellScriptBuildPhase;
			buildActionMask = 2147483647;
			files = (
			);
			inputFileListPaths = (
			);
			inputPaths = (
				"${PODS_PODFILE_DIR_PATH}/Podfile.lock",
				"${PODS_ROOT}/Manifest.lock",
			);
			name = "[CP] Check Pods Manifest.lock";
			outputFileListPaths = (
			);
			outputPaths = (
				"$(DERIVED_FILE_DIR)/Pods-IOSPlayground-IOSPlaygroundUITests-checkManifestLockResult.txt",
			);
			runOnlyForDeploymentPostprocessing = 0;
			shellPath = /bin/sh;
			shellScript = "diff \"${PODS_PODFILE_DIR_PATH}/Podfile.lock\" \"${PODS_ROOT}/Manifest.lock\" > /dev/null\nif [ $? != 0 ] ; then\n    # print error to STDERR\n    echo \"error: The sandbox is not in sync with the Podfile.lock. Run 'pod install' or update your CocoaPods installation.\" >&2\n    exit 1\nfi\n# This output is used by Xcode 'outputs' to avoid re-running this script phase.\necho \"SUCCESS\" > \"${SCRIPT_OUTPUT_FILE_0}\"\n";
			showEnvVarsInLog = 0;
		};
		E09E2E1FD31C3E31D87B5963 /* [CP] Check Pods Manifest.lock */ = {
			isa = PBXShellScriptBuildPhase;
			buildActionMask = 2147483647;
			files = (
			);
			inputFileListPaths = (
			);
			inputPaths = (
				"${PODS_PODFILE_DIR_PATH}/Podfile.lock",
				"${PODS_ROOT}/Manifest.lock",
			);
			name = "[CP] Check Pods Manifest.lock";
			outputFileListPaths = (
			);
			outputPaths = (
				"$(DERIVED_FILE_DIR)/Pods-IOSPlayground-checkManifestLockResult.txt",
			);
			runOnlyForDeploymentPostprocessing = 0;
			shellPath = /bin/sh;
			shellScript = "diff \"${PODS_PODFILE_DIR_PATH}/Podfile.lock\" \"${PODS_ROOT}/Manifest.lock\" > /dev/null\nif [ $? != 0 ] ; then\n    # print error to STDERR\n    echo \"error: The sandbox is not in sync with the Podfile.lock. Run 'pod install' or update your CocoaPods installation.\" >&2\n    exit 1\nfi\n# This output is used by Xcode 'outputs' to avoid re-running this script phase.\necho \"SUCCESS\" > \"${SCRIPT_OUTPUT_FILE_0}\"\n";
			showEnvVarsInLog = 0;
		};
/* End PBXShellScriptBuildPhase section */

/* Begin PBXSourcesBuildPhase section */
		204EABD02A4C6C46003EBA36 /* Sources */ = {
			isa = PBXSourcesBuildPhase;
			buildActionMask = 2147483647;
			files = (
				207F22182D8C44EC00F3BC5C /* CATextLayerPlayground.swift in Sources */,
				20AF50FE2A6A9B3200E498FC /* UILongPressGestureRecognizerPlayground.swift in Sources */,
				205B09312D7DE17C002390E2 /* UIPageViewControllerPlayground.swift in Sources */,
				205B093D2D7DE17F002390E2 /* ListViewController.swift in Sources */,
				20AF50FC2A6A7BFC00E498FC /* UITapGestureRecognizerPlayground.swift in Sources */,
				204EAC0B2A4CF8BE003EBA36 /* NotificationCenterTester.swift in Sources */,
				204EABDC2A4C6C46003EBA36 /* ViewController.swift in Sources */,
				205B093A2D7DE17F002390E2 /* ReactivePlayground.swift in Sources */,
				205B09062D7DE179002390E2 /* UICVCLGroupContentInsetsPlayground.swift in Sources */,
				205B09072D7DE179002390E2 /* UICVCLGroupEdgeSpacingPlayground.swift in Sources */,
				205B09082D7DE179002390E2 /* UICVCLGroupInterItemSpacingPlayground.swift in Sources */,
				205B09092D7DE179002390E2 /* UICVCLGroupNestPlayground.swift in Sources */,
				205B094E2D7DE183002390E2 /* BackgroundPlayground.swift in Sources */,
				205B094F2D7DE183002390E2 /* BorderPlayground.swift in Sources */,
				205B09502D7DE183002390E2 /* CorderRadiusPlayground.swift in Sources */,
				205B09512D7DE183002390E2 /* FramePlayground.swift in Sources */,
				205B09522D7DE183002390E2 /* MarginPlayground.swift in Sources */,
				205B09532D7DE183002390E2 /* OpacityPlayground.swift in Sources */,
				205B09542D7DE183002390E2 /* ShadowPlayGround.swift in Sources */,
				205B09552D7DE183002390E2 /* TextPlayground.swift in Sources */,
				205B09562D7DE183002390E2 /* TransformPlayground.swift in Sources */,
				205B09572D7DE183002390E2 /* VisiblePlayground.swift in Sources */,
				205B09592D7DE190002390E2 /* UIPanGestureRecognizerPlayground.swift in Sources */,
				205B090A2D7DE179002390E2 /* UICVCLGroupSubItemsPlayground.swift in Sources */,
				205B090B2D7DE179002390E2 /* UICVCLItemContentInsetsPlayground.swift in Sources */,
				205B090C2D7DE179002390E2 /* UICVCLItemEdgeSpacingPlayground.swift in Sources */,
				205B090D2D7DE179002390E2 /* UICVCLItemLayoutSizePlayground.swift in Sources */,
				205B090E2D7DE179002390E2 /* UICVCLItemSupplementaryItemsPlayground.swift in Sources */,
				205B090F2D7DE179002390E2 /* UICVCLPlayground.swift in Sources */,
				205B09102D7DE179002390E2 /* UICVCLSectionBoundarySupplementaryItemsPlayground.swift in Sources */,
				205B09112D7DE179002390E2 /* UICVCLSectionDecorationItemsPlayground.swift in Sources */,
				205B09122D7DE179002390E2 /* UICVCLSectionOrthogonalScrollingBehaviorPlayground.swift in Sources */,
				205B09362D7DE17F002390E2 /* ImageViewer.swift in Sources */,
				205B09372D7DE17F002390E2 /* ImageViewerPlayground.swift in Sources */,
				205918A52D8D0B09007EC2FB /* DemoListView.swift in Sources */,
				205B09132D7DE179002390E2 /* UICVCLSectionPinnedBoundarySupplementaryItemsPlayground.swift in Sources */,
				205B09142D7DE179002390E2 /* UICVCLSectionVisibleItemsInvalidationHandlerPlayground.swift in Sources */,
				205B09152D7DE179002390E2 /* UICVCLWaterfallPlayground.swift in Sources */,
				205B09162D7DE179002390E2 /* UICollectionViewCellPlayground.swift in Sources */,
				205B09172D7DE179002390E2 /* UICollectionViewCellRegistrationPlayground.swift in Sources */,
				205B09182D7DE179002390E2 /* UICollectionViewCompositionalLayoutPlayground.swift in Sources */,
				205B09192D7DE179002390E2 /* UICollectionViewCompositionalLayoutWaterfallPlayground.swift in Sources */,
				205B091A2D7DE179002390E2 /* UICollectionViewControllerPlayground.swift in Sources */,
				207F22162D8C414200F3BC5C /* CALayerPlayground.swift in Sources */,
				205B091B2D7DE179002390E2 /* UICollectionViewDataSourcePlayground.swift in Sources */,
				205B091C2D7DE179002390E2 /* UICollectionViewDataSourcePrefetchingPlayground.swift in Sources */,
				205B091D2D7DE179002390E2 /* UICollectionViewDelegateFlowLayoutPlayground.swift in Sources */,
				205B091E2D7DE179002390E2 /* UICollectionViewDelegatePlayground.swift in Sources */,
				205B091F2D7DE179002390E2 /* UICollectionViewDiffableDataSourcePlayground.swift in Sources */,
				205B09202D7DE179002390E2 /* UICollectionViewDragPlayground.swift in Sources */,
				205B09212D7DE179002390E2 /* UICollectionViewFlowLayoutPlayground.swift in Sources */,
				205B09222D7DE179002390E2 /* UICollectionViewNestingPlayground.swift in Sources */,
				205B09232D7DE179002390E2 /* UICollectionViewPlayground.swift in Sources */,
				205B09242D7DE179002390E2 /* UICollectionViewSupplementaryRegistrationPlayground.swift in Sources */,
				205B09252D7DE179002390E2 /* UICollectionViewWaterfallLayoutPlayground.swift in Sources */,
				205B09262D7DE179002390E2 /* UIFlowListView.swift in Sources */,
				205B09272D7DE179002390E2 /* FlexLayoutPlayground.swift in Sources */,
				205B09282D7DE179002390E2 /* NSLayoutConstraintPlayground.swift in Sources */,
				205B09292D7DE179002390E2 /* UIColorPlayground.swift in Sources */,
				205B092A2D7DE179002390E2 /* UIImagePlayground.swift in Sources */,
				205B092B2D7DE179002390E2 /* UILabelPlayground.swift in Sources */,
				205B092C2D7DE179002390E2 /* UIStackViewPlayground.swift in Sources */,
				205B092D2D7DE179002390E2 /* UIViewPlayground.swift in Sources */,
				205B09422D7DE17F002390E2 /* PublisherPlayground.swift in Sources */,
				204EABD82A4C6C46003EBA36 /* AppDelegate.swift in Sources */,
				204EABDA2A4C6C46003EBA36 /* SceneDelegate.swift in Sources */,
			);
			runOnlyForDeploymentPostprocessing = 0;
		};
		204EABE62A4C6C47003EBA36 /* Sources */ = {
			isa = PBXSourcesBuildPhase;
			buildActionMask = 2147483647;
			files = (
				204EABEF2A4C6C47003EBA36 /* IOSPlaygroundTests.swift in Sources */,
			);
			runOnlyForDeploymentPostprocessing = 0;
		};
		204EABF02A4C6C47003EBA36 /* Sources */ = {
			isa = PBXSourcesBuildPhase;
			buildActionMask = 2147483647;
			files = (
				204EABF92A4C6C47003EBA36 /* IOSPlaygroundUITests.swift in Sources */,
				204EABFB2A4C6C47003EBA36 /* IOSPlaygroundUITestsLaunchTests.swift in Sources */,
			);
			runOnlyForDeploymentPostprocessing = 0;
		};
/* End PBXSourcesBuildPhase section */

/* Begin PBXTargetDependency section */
		204EABEC2A4C6C47003EBA36 /* PBXTargetDependency */ = {
			isa = PBXTargetDependency;
			target = 204EABD32A4C6C46003EBA36 /* IOSPlayground */;
			targetProxy = 204EABEB2A4C6C47003EBA36 /* PBXContainerItemProxy */;
		};
		204EABF62A4C6C47003EBA36 /* PBXTargetDependency */ = {
			isa = PBXTargetDependency;
			target = 204EABD32A4C6C46003EBA36 /* IOSPlayground */;
			targetProxy = 204EABF52A4C6C47003EBA36 /* PBXContainerItemProxy */;
		};
/* End PBXTargetDependency section */

/* Begin PBXVariantGroup section */
		204EABE22A4C6C47003EBA36 /* LaunchScreen.storyboard */ = {
			isa = PBXVariantGroup;
			children = (
				204EABE32A4C6C47003EBA36 /* Base */,
			);
			name = LaunchScreen.storyboard;
			sourceTree = "<group>";
		};
/* End PBXVariantGroup section */

/* Begin XCBuildConfiguration section */
		204EABFC2A4C6C47003EBA36 /* Debug */ = {
			isa = XCBuildConfiguration;
			buildSettings = {
				ALWAYS_SEARCH_USER_PATHS = NO;
				CLANG_ANALYZER_NONNULL = YES;
				CLANG_ANALYZER_NUMBER_OBJECT_CONVERSION = YES_AGGRESSIVE;
				CLANG_CXX_LANGUAGE_STANDARD = "gnu++20";
				CLANG_ENABLE_MODULES = YES;
				CLANG_ENABLE_OBJC_ARC = YES;
				CLANG_ENABLE_OBJC_WEAK = YES;
				CLANG_WARN_BLOCK_CAPTURE_AUTORELEASING = YES;
				CLANG_WARN_BOOL_CONVERSION = YES;
				CLANG_WARN_COMMA = YES;
				CLANG_WARN_CONSTANT_CONVERSION = YES;
				CLANG_WARN_DEPRECATED_OBJC_IMPLEMENTATIONS = YES;
				CLANG_WARN_DIRECT_OBJC_ISA_USAGE = YES_ERROR;
				CLANG_WARN_DOCUMENTATION_COMMENTS = YES;
				CLANG_WARN_EMPTY_BODY = YES;
				CLANG_WARN_ENUM_CONVERSION = YES;
				CLANG_WARN_INFINITE_RECURSION = YES;
				CLANG_WARN_INT_CONVERSION = YES;
				CLANG_WARN_NON_LITERAL_NULL_CONVERSION = YES;
				CLANG_WARN_OBJC_IMPLICIT_RETAIN_SELF = YES;
				CLANG_WARN_OBJC_LITERAL_CONVERSION = YES;
				CLANG_WARN_OBJC_ROOT_CLASS = YES_ERROR;
				CLANG_WARN_QUOTED_INCLUDE_IN_FRAMEWORK_HEADER = YES;
				CLANG_WARN_RANGE_LOOP_ANALYSIS = YES;
				CLANG_WARN_STRICT_PROTOTYPES = YES;
				CLANG_WARN_SUSPICIOUS_MOVE = YES;
				CLANG_WARN_UNGUARDED_AVAILABILITY = YES_AGGRESSIVE;
				CLANG_WARN_UNREACHABLE_CODE = YES;
				CLANG_WARN__DUPLICATE_METHOD_MATCH = YES;
				COPY_PHASE_STRIP = NO;
				DEBUG_INFORMATION_FORMAT = dwarf;
				ENABLE_STRICT_OBJC_MSGSEND = YES;
				ENABLE_TESTABILITY = YES;
				GCC_C_LANGUAGE_STANDARD = gnu11;
				GCC_DYNAMIC_NO_PIC = NO;
				GCC_NO_COMMON_BLOCKS = YES;
				GCC_OPTIMIZATION_LEVEL = 0;
				GCC_PREPROCESSOR_DEFINITIONS = (
					"DEBUG=1",
					"$(inherited)",
				);
				GCC_WARN_64_TO_32_BIT_CONVERSION = YES;
				GCC_WARN_ABOUT_RETURN_TYPE = YES_ERROR;
				GCC_WARN_UNDECLARED_SELECTOR = YES;
				GCC_WARN_UNINITIALIZED_AUTOS = YES_AGGRESSIVE;
				GCC_WARN_UNUSED_FUNCTION = YES;
				GCC_WARN_UNUSED_VARIABLE = YES;
				IPHONEOS_DEPLOYMENT_TARGET = 16.4;
				MTL_ENABLE_DEBUG_INFO = INCLUDE_SOURCE;
				MTL_FAST_MATH = YES;
				ONLY_ACTIVE_ARCH = YES;
				SDKROOT = iphoneos;
				SWIFT_ACTIVE_COMPILATION_CONDITIONS = DEBUG;
				SWIFT_OPTIMIZATION_LEVEL = "-Onone";
			};
			name = Debug;
		};
		204EABFD2A4C6C47003EBA36 /* Release */ = {
			isa = XCBuildConfiguration;
			buildSettings = {
				ALWAYS_SEARCH_USER_PATHS = NO;
				CLANG_ANALYZER_NONNULL = YES;
				CLANG_ANALYZER_NUMBER_OBJECT_CONVERSION = YES_AGGRESSIVE;
				CLANG_CXX_LANGUAGE_STANDARD = "gnu++20";
				CLANG_ENABLE_MODULES = YES;
				CLANG_ENABLE_OBJC_ARC = YES;
				CLANG_ENABLE_OBJC_WEAK = YES;
				CLANG_WARN_BLOCK_CAPTURE_AUTORELEASING = YES;
				CLANG_WARN_BOOL_CONVERSION = YES;
				CLANG_WARN_COMMA = YES;
				CLANG_WARN_CONSTANT_CONVERSION = YES;
				CLANG_WARN_DEPRECATED_OBJC_IMPLEMENTATIONS = YES;
				CLANG_WARN_DIRECT_OBJC_ISA_USAGE = YES_ERROR;
				CLANG_WARN_DOCUMENTATION_COMMENTS = YES;
				CLANG_WARN_EMPTY_BODY = YES;
				CLANG_WARN_ENUM_CONVERSION = YES;
				CLANG_WARN_INFINITE_RECURSION = YES;
				CLANG_WARN_INT_CONVERSION = YES;
				CLANG_WARN_NON_LITERAL_NULL_CONVERSION = YES;
				CLANG_WARN_OBJC_IMPLICIT_RETAIN_SELF = YES;
				CLANG_WARN_OBJC_LITERAL_CONVERSION = YES;
				CLANG_WARN_OBJC_ROOT_CLASS = YES_ERROR;
				CLANG_WARN_QUOTED_INCLUDE_IN_FRAMEWORK_HEADER = YES;
				CLANG_WARN_RANGE_LOOP_ANALYSIS = YES;
				CLANG_WARN_STRICT_PROTOTYPES = YES;
				CLANG_WARN_SUSPICIOUS_MOVE = YES;
				CLANG_WARN_UNGUARDED_AVAILABILITY = YES_AGGRESSIVE;
				CLANG_WARN_UNREACHABLE_CODE = YES;
				CLANG_WARN__DUPLICATE_METHOD_MATCH = YES;
				COPY_PHASE_STRIP = NO;
				DEBUG_INFORMATION_FORMAT = "dwarf-with-dsym";
				ENABLE_NS_ASSERTIONS = NO;
				ENABLE_STRICT_OBJC_MSGSEND = YES;
				GCC_C_LANGUAGE_STANDARD = gnu11;
				GCC_NO_COMMON_BLOCKS = YES;
				GCC_WARN_64_TO_32_BIT_CONVERSION = YES;
				GCC_WARN_ABOUT_RETURN_TYPE = YES_ERROR;
				GCC_WARN_UNDECLARED_SELECTOR = YES;
				GCC_WARN_UNINITIALIZED_AUTOS = YES_AGGRESSIVE;
				GCC_WARN_UNUSED_FUNCTION = YES;
				GCC_WARN_UNUSED_VARIABLE = YES;
				IPHONEOS_DEPLOYMENT_TARGET = 16.4;
				MTL_ENABLE_DEBUG_INFO = NO;
				MTL_FAST_MATH = YES;
				SDKROOT = iphoneos;
				SWIFT_COMPILATION_MODE = wholemodule;
				SWIFT_OPTIMIZATION_LEVEL = "-O";
				VALIDATE_PRODUCT = YES;
			};
			name = Release;
		};
		204EABFF2A4C6C47003EBA36 /* Debug */ = {
			isa = XCBuildConfiguration;
			baseConfigurationReference = 5BFF1D2F1FD52BCC97F9CEA2 /* Pods-IOSPlayground.debug.xcconfig */;
			buildSettings = {
				ASSETCATALOG_COMPILER_APPICON_NAME = AppIcon;
				ASSETCATALOG_COMPILER_GLOBAL_ACCENT_COLOR_NAME = AccentColor;
				CODE_SIGN_STYLE = Automatic;
				CURRENT_PROJECT_VERSION = 1;
				DEVELOPMENT_TEAM = N5SV4L4EVC;
				GENERATE_INFOPLIST_FILE = YES;
				INFOPLIST_FILE = IOSPlayground/Info.plist;
				INFOPLIST_KEY_UIApplicationSupportsIndirectInputEvents = YES;
				INFOPLIST_KEY_UILaunchStoryboardName = LaunchScreen;
				INFOPLIST_KEY_UISupportedInterfaceOrientations_iPad = "UIInterfaceOrientationPortrait UIInterfaceOrientationPortraitUpsideDown UIInterfaceOrientationLandscapeLeft UIInterfaceOrientationLandscapeRight";
				INFOPLIST_KEY_UISupportedInterfaceOrientations_iPhone = "UIInterfaceOrientationPortrait UIInterfaceOrientationLandscapeLeft UIInterfaceOrientationLandscapeRight";
				IPHONEOS_DEPLOYMENT_TARGET = 16.0;
				LD_RUNPATH_SEARCH_PATHS = (
					"$(inherited)",
					"@executable_path/Frameworks",
				);
				MARKETING_VERSION = 1.0;
				PRODUCT_BUNDLE_IDENTIFIER = com.zhbhun.swift.IOSPlayground;
				PRODUCT_NAME = "$(TARGET_NAME)";
				SWIFT_EMIT_LOC_STRINGS = YES;
				SWIFT_VERSION = 5.0;
				TARGETED_DEVICE_FAMILY = "1,2";
			};
			name = Debug;
		};
		204EAC002A4C6C47003EBA36 /* Release */ = {
			isa = XCBuildConfiguration;
			baseConfigurationReference = BC4CAE2EDC3204531C74AD2E /* Pods-IOSPlayground.release.xcconfig */;
			buildSettings = {
				ASSETCATALOG_COMPILER_APPICON_NAME = AppIcon;
				ASSETCATALOG_COMPILER_GLOBAL_ACCENT_COLOR_NAME = AccentColor;
				CODE_SIGN_STYLE = Automatic;
				CURRENT_PROJECT_VERSION = 1;
				DEVELOPMENT_TEAM = N5SV4L4EVC;
				GENERATE_INFOPLIST_FILE = YES;
				INFOPLIST_FILE = IOSPlayground/Info.plist;
				INFOPLIST_KEY_UIApplicationSupportsIndirectInputEvents = YES;
				INFOPLIST_KEY_UILaunchStoryboardName = LaunchScreen;
				INFOPLIST_KEY_UISupportedInterfaceOrientations_iPad = "UIInterfaceOrientationPortrait UIInterfaceOrientationPortraitUpsideDown UIInterfaceOrientationLandscapeLeft UIInterfaceOrientationLandscapeRight";
				INFOPLIST_KEY_UISupportedInterfaceOrientations_iPhone = "UIInterfaceOrientationPortrait UIInterfaceOrientationLandscapeLeft UIInterfaceOrientationLandscapeRight";
				IPHONEOS_DEPLOYMENT_TARGET = 16.0;
				LD_RUNPATH_SEARCH_PATHS = (
					"$(inherited)",
					"@executable_path/Frameworks",
				);
				MARKETING_VERSION = 1.0;
				PRODUCT_BUNDLE_IDENTIFIER = com.zhbhun.swift.IOSPlayground;
				PRODUCT_NAME = "$(TARGET_NAME)";
				SWIFT_EMIT_LOC_STRINGS = YES;
				SWIFT_VERSION = 5.0;
				TARGETED_DEVICE_FAMILY = "1,2";
			};
			name = Release;
		};
		204EAC022A4C6C47003EBA36 /* Debug */ = {
			isa = XCBuildConfiguration;
			baseConfigurationReference = 3BB732AC7FF11F5EA96F1861 /* Pods-IOSPlaygroundTests.debug.xcconfig */;
			buildSettings = {
				ALWAYS_EMBED_SWIFT_STANDARD_LIBRARIES = YES;
				BUNDLE_LOADER = "$(TEST_HOST)";
				CODE_SIGN_STYLE = Automatic;
				CURRENT_PROJECT_VERSION = 1;
				GENERATE_INFOPLIST_FILE = YES;
				IPHONEOS_DEPLOYMENT_TARGET = 16.4;
				MARKETING_VERSION = 1.0;
				PRODUCT_BUNDLE_IDENTIFIER = com.zhbhun.swift.IOSPlaygroundTests;
				PRODUCT_NAME = "$(TARGET_NAME)";
				SWIFT_EMIT_LOC_STRINGS = NO;
				SWIFT_VERSION = 5.0;
				TARGETED_DEVICE_FAMILY = "1,2";
				TEST_HOST = "$(BUILT_PRODUCTS_DIR)/IOSPlayground.app/$(BUNDLE_EXECUTABLE_FOLDER_PATH)/IOSPlayground";
			};
			name = Debug;
		};
		204EAC032A4C6C47003EBA36 /* Release */ = {
			isa = XCBuildConfiguration;
			baseConfigurationReference = F06952E58DDE7049915C41B2 /* Pods-IOSPlaygroundTests.release.xcconfig */;
			buildSettings = {
				ALWAYS_EMBED_SWIFT_STANDARD_LIBRARIES = YES;
				BUNDLE_LOADER = "$(TEST_HOST)";
				CODE_SIGN_STYLE = Automatic;
				CURRENT_PROJECT_VERSION = 1;
				GENERATE_INFOPLIST_FILE = YES;
				IPHONEOS_DEPLOYMENT_TARGET = 16.4;
				MARKETING_VERSION = 1.0;
				PRODUCT_BUNDLE_IDENTIFIER = com.zhbhun.swift.IOSPlaygroundTests;
				PRODUCT_NAME = "$(TARGET_NAME)";
				SWIFT_EMIT_LOC_STRINGS = NO;
				SWIFT_VERSION = 5.0;
				TARGETED_DEVICE_FAMILY = "1,2";
				TEST_HOST = "$(BUILT_PRODUCTS_DIR)/IOSPlayground.app/$(BUNDLE_EXECUTABLE_FOLDER_PATH)/IOSPlayground";
			};
			name = Release;
		};
		204EAC052A4C6C47003EBA36 /* Debug */ = {
			isa = XCBuildConfiguration;
			baseConfigurationReference = 78F512D17AF5AAE8E62109F1 /* Pods-IOSPlayground-IOSPlaygroundUITests.debug.xcconfig */;
			buildSettings = {
				ALWAYS_EMBED_SWIFT_STANDARD_LIBRARIES = YES;
				CODE_SIGN_STYLE = Automatic;
				CURRENT_PROJECT_VERSION = 1;
				GENERATE_INFOPLIST_FILE = YES;
				MARKETING_VERSION = 1.0;
				PRODUCT_BUNDLE_IDENTIFIER = com.zhbhun.swift.IOSPlaygroundUITests;
				PRODUCT_NAME = "$(TARGET_NAME)";
				SWIFT_EMIT_LOC_STRINGS = NO;
				SWIFT_VERSION = 5.0;
				TARGETED_DEVICE_FAMILY = "1,2";
				TEST_TARGET_NAME = IOSPlayground;
			};
			name = Debug;
		};
		204EAC062A4C6C47003EBA36 /* Release */ = {
			isa = XCBuildConfiguration;
			baseConfigurationReference = 153B522A3B49AC0019A554EE /* Pods-IOSPlayground-IOSPlaygroundUITests.release.xcconfig */;
			buildSettings = {
				ALWAYS_EMBED_SWIFT_STANDARD_LIBRARIES = YES;
				CODE_SIGN_STYLE = Automatic;
				CURRENT_PROJECT_VERSION = 1;
				GENERATE_INFOPLIST_FILE = YES;
				MARKETING_VERSION = 1.0;
				PRODUCT_BUNDLE_IDENTIFIER = com.zhbhun.swift.IOSPlaygroundUITests;
				PRODUCT_NAME = "$(TARGET_NAME)";
				SWIFT_EMIT_LOC_STRINGS = NO;
				SWIFT_VERSION = 5.0;
				TARGETED_DEVICE_FAMILY = "1,2";
				TEST_TARGET_NAME = IOSPlayground;
			};
			name = Release;
		};
/* End XCBuildConfiguration section */

/* Begin XCConfigurationList section */
		204EABCF2A4C6C46003EBA36 /* Build configuration list for PBXProject "IOSPlayground" */ = {
			isa = XCConfigurationList;
			buildConfigurations = (
				204EABFC2A4C6C47003EBA36 /* Debug */,
				204EABFD2A4C6C47003EBA36 /* Release */,
			);
			defaultConfigurationIsVisible = 0;
			defaultConfigurationName = Release;
		};
		204EABFE2A4C6C47003EBA36 /* Build configuration list for PBXNativeTarget "IOSPlayground" */ = {
			isa = XCConfigurationList;
			buildConfigurations = (
				204EABFF2A4C6C47003EBA36 /* Debug */,
				204EAC002A4C6C47003EBA36 /* Release */,
			);
			defaultConfigurationIsVisible = 0;
			defaultConfigurationName = Release;
		};
		204EAC012A4C6C47003EBA36 /* Build configuration list for PBXNativeTarget "IOSPlaygroundTests" */ = {
			isa = XCConfigurationList;
			buildConfigurations = (
				204EAC022A4C6C47003EBA36 /* Debug */,
				204EAC032A4C6C47003EBA36 /* Release */,
			);
			defaultConfigurationIsVisible = 0;
			defaultConfigurationName = Release;
		};
		204EAC042A4C6C47003EBA36 /* Build configuration list for PBXNativeTarget "IOSPlaygroundUITests" */ = {
			isa = XCConfigurationList;
			buildConfigurations = (
				204EAC052A4C6C47003EBA36 /* Debug */,
				204EAC062A4C6C47003EBA36 /* Release */,
			);
			defaultConfigurationIsVisible = 0;
			defaultConfigurationName = Release;
		};
/* End XCConfigurationList section */
	};
	rootObject = 204EABCC2A4C6C46003EBA36 /* Project object */;
}
