{
  "name": "vue2-hbx-ts",
  "version": "1.0.0",
  "lockfileVersion": 1,
  "requires": true,
  "dependencies": {
    "@vue/composition-api": {
      "version": "1.2.4",
      "resolved": "https://registry.npmmirror.com/@vue/composition-api/download/@vue/composition-api-1.2.4.tgz",
      "integrity": "sha1-S+/O/A4cVw/Qh5oti4+QHzpONdA=",
      "requires": {
        "tslib": "^2.3.0"
      }
    },
    "tslib": {
      "version": "2.3.1",
      "resolved": "https://registry.nlark.com/tslib/download/tslib-2.3.1.tgz?cache=0&sync_timestamp=1628722556410&other_urls=https%3A%2F%2Fregistry.nlark.com%2Ftslib%2Fdownload%2Ftslib-2.3.1.tgz",
      "integrity": "sha1-6KM1rdXOrlGqJh0ypJAVjvBC7wE="
    }
  }
}
