{
  "name": "hello",
  "version": "1.0.0",
  "lockfileVersion": 1,
  "requires": true,
  "dependencies": {
    "@assemblyscript/loader": {
      "version": "0.17.3",
      "resolved": "https://registry.npm.taobao.org/@assemblyscript/loader/download/@assemblyscript/loader-0.17.3.tgz",
      "integrity": "sha1-ynb1L9sTGVpSeXQVKWtxTcgigYc="
    },
    "assemblyscript": {
      "version": "0.17.3",
      "resolved": "https://registry.npm.taobao.org/assemblyscript/download/assemblyscript-0.17.3.tgz",
      "integrity": "sha1-vZh26isXdmSruO0q7M8lnCEqErg=",
      "dev": true,
      "requires": {
        "binaryen": "98.0.0-nightly.20201109",
        "long": "^4.0.0"
      }
    },
    "binaryen": {
      "version": "98.0.0-nightly.20201109",
      "resolved": "https://registry.npm.taobao.org/binaryen/download/binaryen-98.0.0-nightly.20201109.tgz",
      "integrity": "sha1-USv2yhXGe/dAIURzSkg25jmTqgU=",
      "dev": true
    },
    "long": {
      "version": "4.0.0",
      "resolved": "https://registry.npm.taobao.org/long/download/long-4.0.0.tgz",
      "integrity": "sha1-mntxz7fTYaGU6lVSQckvdGjVvyg=",
      "dev": true
    }
  }
}
