{
  "projects": [
    {
      "projectId": "28Ba3BDvRe7EiWdfFNnLB6",
      "version": "2.15.0",
      "dependencies": {},
      "lang": "ts",
      "fileLocks": [
        {
          "assetId": "28Ba3BDvRe7EiWdfFNnLB6",
          "type": "projectCss",
          "checksum": "a1f5ba12fa0c91cb7921873e485c08d2"
        }
      ],
      "codegenVersion": "0.0.1"
    },
    {
      "projectId": "vhuvvwRnfW9WJhUtwQYjKc",
      "version": "latest",
      "dependencies": {
        "28Ba3BDvRe7EiWdfFNnLB6": "2.16.0"
      },
      "lang": "ts",
      "fileLocks": [
        {
          "type": "globalVariant",
          "assetId": "5F61-DB80-1r",
          "checksum": "bdfc5a295cc81c21320a795e511824e8"
        },
        {
          "type": "renderModule",
          "assetId": "CNOwlFxo8A",
          "checksum": "e8fba1ef00fb35c1441c7a8211807611"
        },
        {
          "type": "cssRules",
          "assetId": "CNOwlFxo8A",
          "checksum": "e8fba1ef00fb35c1441c7a8211807611"
        },
        {
          "type": "renderModule",
          "assetId": "QSK6PQ93Bv4",
          "checksum": "e4eec1433d992d6611a746695be1a036"
        },
        {
          "type": "cssRules",
          "assetId": "QSK6PQ93Bv4",
          "checksum": "e4eec1433d992d6611a746695be1a036"
        },
        {
          "type": "icon",
          "assetId": "60hG1AK21fg",
          "checksum": "57f8a677a849e5aae0c2073e9c9f664a"
        },
        {
          "type": "icon",
          "assetId": "KWUYUDb_Fmn",
          "checksum": "571fe338361633b33ca49deaa6349a7e"
        },
        {
          "assetId": "vhuvvwRnfW9WJhUtwQYjKc",
          "type": "projectCss",
          "checksum": "6a4289d7ad038402e306ba5e3d2ffbe8"
        }
      ],
      "codegenVersion": "0.0.1"
    }
  ],
  "cliVersion": "0.1.244"
}
