{
  "name": "scroll",
  "version": "1.0.0",
  "lockfileVersion": 1,
  "requires": true,
  "dependencies": {
    "daemon": {
      "version": "1.1.0",
      "resolved": "http://registry.npm.taobao.org/daemon/download/daemon-1.1.0.tgz",
      "integrity": "sha1-bFECyB2wvoVvyQCPwsk1s5iGSug="
    },
    "init": {
      "version": "0.1.2",
      "resolved": "http://registry.npm.taobao.org/init/download/init-0.1.2.tgz",
      "integrity": "sha1-mIKsFScHvMun/iIHyN+AUIdcFQQ=",
      "requires": {
        "daemon": "1.1.0"
      }
    },
    "iscroll": {
      "version": "5.2.0",
      "resolved": "http://registry.npm.taobao.org/iscroll/download/iscroll-5.2.0.tgz",
      "integrity": "sha1-1RMwcIi1slpPiTr0dIBEaEgYKcg="
    }
  }
}
